// !$*UTF8*$!
{
	archiveVersion = 1;
	classes = {
	};
	objectVersion = 56;
	objects = {

/* Begin PBXBuildFile section */
		30C908B229B9E191000F46AF /* main.swift in Sources */ = {isa = PBXBuildFile; fileRef = 30C908B129B9E191000F46AF /* main.swift */; };
		30C908BA29BA0135000F46AF /* ArraySort.swift in Sources */ = {isa = PBXBuildFile; fileRef = 30C908B929BA0135000F46AF /* ArraySort.swift */; };
		30C908BC29BA0166000F46AF /* BublleSort.swift in Sources */ = {isa = PBXBuildFile; fileRef = 30C908BB29BA0166000F46AF /* BublleSort.swift */; };
		30C908C029BA0836000F46AF /* SortTest.swift in Sources */ = {isa = PBXBuildFile; fileRef = 30C908BF29BA0836000F46AF /* SortTest.swift */; };
		30C908C229BA243C000F46AF /* SelectionSort.swift in Sources */ = {isa = PBXBuildFile; fileRef = 30C908C129BA243C000F46AF /* SelectionSort.swift */; };
		30C908C429BA26DA000F46AF /* InsertionSort.swift in Sources */ = {isa = PBXBuildFile; fileRef = 30C908C329BA26DA000F46AF /* InsertionSort.swift */; };
		30C908C629BA2922000F46AF /* MergeSort.swift in Sources */ = {isa = PBXBuildFile; fileRef = 30C908C529BA2922000F46AF /* MergeSort.swift */; };
		30C908C829BB0FED000F46AF /* HeapSort.swift in Sources */ = {isa = PBXBuildFile; fileRef = 30C908C729BB0FED000F46AF /* HeapSort.swift */; };
		30C908CB29BB1982000F46AF /* LeetCode.swift in Sources */ = {isa = PBXBuildFile; fileRef = 30C908CA29BB1982000F46AF /* LeetCode.swift */; };
		30C908CD29BB1A0A000F46AF /* LC_88_合并两个有序数组.swift in Sources */ = {isa = PBXBuildFile; fileRef = 30C908CC29BB1A0A000F46AF /* LC_88_合并两个有序数组.swift */; };
		30C908CF29BB1B03000F46AF /* LeetCodeTest.swift in Sources */ = {isa = PBXBuildFile; fileRef = 30C908CE29BB1B03000F46AF /* LeetCodeTest.swift */; };
		30C908D129BB1F48000F46AF /* ListNode.swift in Sources */ = {isa = PBXBuildFile; fileRef = 30C908D029BB1F48000F46AF /* ListNode.swift */; };
		30C908D329BB1FCE000F46AF /* LC_21_合并两个有序链表.swift in Sources */ = {isa = PBXBuildFile; fileRef = 30C908D229BB1FCE000F46AF /* LC_21_合并两个有序链表.swift */; };
		30C908D529BB2277000F46AF /* LC_23_合并K个升序链表.swift in Sources */ = {isa = PBXBuildFile; fileRef = 30C908D429BB2277000F46AF /* LC_23_合并K个升序链表.swift */; };
		30C908D929BB30D6000F46AF /* QuickSort.swift in Sources */ = {isa = PBXBuildFile; fileRef = 30C908D829BB30D6000F46AF /* QuickSort.swift */; };
		30C908DB29BB3E42000F46AF /* ShellSort.swift in Sources */ = {isa = PBXBuildFile; fileRef = 30C908DA29BB3E42000F46AF /* ShellSort.swift */; };
		30C908DD29BB3E7D000F46AF /* CountSort.swift in Sources */ = {isa = PBXBuildFile; fileRef = 30C908DC29BB3E7D000F46AF /* CountSort.swift */; };
		30C908DF29BB7738000F46AF /* RadixSort.swift in Sources */ = {isa = PBXBuildFile; fileRef = 30C908DE29BB7738000F46AF /* RadixSort.swift */; };
		30C908E129BB7ABA000F46AF /* BucketSort.swift in Sources */ = {isa = PBXBuildFile; fileRef = 30C908E029BB7ABA000F46AF /* BucketSort.swift */; };
		30C908E429BB7D98000F46AF /* RS_斐波那契数列.swift in Sources */ = {isa = PBXBuildFile; fileRef = 30C908E329BB7D98000F46AF /* RS_斐波那契数列.swift */; };
		30C908E629BB7E83000F46AF /* RS_汉诺塔.swift in Sources */ = {isa = PBXBuildFile; fileRef = 30C908E529BB7E83000F46AF /* RS_汉诺塔.swift */; };
		30C908E929BB7FBA000F46AF /* Queens.swift in Sources */ = {isa = PBXBuildFile; fileRef = 30C908E829BB7FBA000F46AF /* Queens.swift */; };
		30C908EB29BB8497000F46AF /* LC_46_全排列.swift in Sources */ = {isa = PBXBuildFile; fileRef = 30C908EA29BB8497000F46AF /* LC_46_全排列.swift */; };
		30C908ED29BB8572000F46AF /* LC_47_全排列2.swift in Sources */ = {isa = PBXBuildFile; fileRef = 30C908EC29BB8572000F46AF /* LC_47_全排列2.swift */; };
		30C908EF29BB861E000F46AF /* LC_39_组合总和.swift in Sources */ = {isa = PBXBuildFile; fileRef = 30C908EE29BB861E000F46AF /* LC_39_组合总和.swift */; };
		30C908F129BB8685000F46AF /* LC_40_组合总和 II.swift in Sources */ = {isa = PBXBuildFile; fileRef = 30C908F029BB8685000F46AF /* LC_40_组合总和 II.swift */; };
		30C908F329BB8790000F46AF /* LC_78_子集.swift in Sources */ = {isa = PBXBuildFile; fileRef = 30C908F229BB8790000F46AF /* LC_78_子集.swift */; };
		30C908F529BB87F2000F46AF /* LC_90_子集2.swift in Sources */ = {isa = PBXBuildFile; fileRef = 30C908F429BB87F2000F46AF /* LC_90_子集2.swift */; };
		30C908F829BB8898000F46AF /* Knapsack.swift in Sources */ = {isa = PBXBuildFile; fileRef = 30C908F729BB8898000F46AF /* Knapsack.swift */; };
		30C908FA29BB891C000F46AF /* LC_455_分发饼干.swift in Sources */ = {isa = PBXBuildFile; fileRef = 30C908F929BB891C000F46AF /* LC_455_分发饼干.swift */; };
		30C908FC29BB896A000F46AF /* LC_452_用最少数量的箭引爆气球.swift in Sources */ = {isa = PBXBuildFile; fileRef = 30C908FB29BB896A000F46AF /* LC_452_用最少数量的箭引爆气球.swift */; };
		30C908FE29BB8A37000F46AF /* LC_122_买卖股票的最佳时机 II.swift in Sources */ = {isa = PBXBuildFile; fileRef = 30C908FD29BB8A37000F46AF /* LC_122_买卖股票的最佳时机 II.swift */; };
		30C9090029BB8ACC000F46AF /* LC_605_种花问题.swift in Sources */ = {isa = PBXBuildFile; fileRef = 30C908FF29BB8ACC000F46AF /* LC_605_种花问题.swift */; };
		30C9090229BB8B6F000F46AF /* LC_135_分发糖果.swift in Sources */ = {isa = PBXBuildFile; fileRef = 30C9090129BB8B6F000F46AF /* LC_135_分发糖果.swift */; };
		30C9090529BB8BBF000F46AF /* MaxSubArray.swift in Sources */ = {isa = PBXBuildFile; fileRef = 30C9090429BB8BBF000F46AF /* MaxSubArray.swift */; };
		30C9090829BB8C2B000F46AF /* DynamicProgramming.swift in Sources */ = {isa = PBXBuildFile; fileRef = 30C9090729BB8C2B000F46AF /* DynamicProgramming.swift */; };
		30C9090A29BB8C7B000F46AF /* MaxSubArray2.swift in Sources */ = {isa = PBXBuildFile; fileRef = 30C9090929BB8C7B000F46AF /* MaxSubArray2.swift */; };
		30C9090C29BB8CBC000F46AF /* LC_300_最长上升子序列.swift in Sources */ = {isa = PBXBuildFile; fileRef = 30C9090B29BB8CBC000F46AF /* LC_300_最长上升子序列.swift */; };
		30C9090E29BB8D08000F46AF /* LC_1143_最长公共子序列.swift in Sources */ = {isa = PBXBuildFile; fileRef = 30C9090D29BB8D08000F46AF /* LC_1143_最长公共子序列.swift */; };
		30C9091029BB8DA6000F46AF /* LC_75_颜色分类.swift in Sources */ = {isa = PBXBuildFile; fileRef = 30C9090F29BB8DA6000F46AF /* LC_75_颜色分类.swift */; };
		30C9091229BB8E2D000F46AF /* LC_16.16_部分排序.swift in Sources */ = {isa = PBXBuildFile; fileRef = 30C9091129BB8E2D000F46AF /* LC_16.16_部分排序.swift */; };
		30C9091429BB8E95000F46AF /* LC_164_最大间距.swift in Sources */ = {isa = PBXBuildFile; fileRef = 30C9091329BB8E95000F46AF /* LC_164_最大间距.swift */; };
		30C9091629BB8F0B000F46AF /* LC_977_有序数组的平方.swift in Sources */ = {isa = PBXBuildFile; fileRef = 30C9091529BB8F0B000F46AF /* LC_977_有序数组的平方.swift */; };
/* End PBXBuildFile section */

/* Begin PBXCopyFilesBuildPhase section */
		30C908AC29B9E191000F46AF /* CopyFiles */ = {
			isa = PBXCopyFilesBuildPhase;
			buildActionMask = 2147483647;
			dstPath = /usr/share/man/man1/;
			dstSubfolderSpec = 0;
			files = (
			);
			runOnlyForDeploymentPostprocessing = 1;
		};
/* End PBXCopyFilesBuildPhase section */

/* Begin PBXFileReference section */
		30C908AE29B9E191000F46AF /* Algorithm */ = {isa = PBXFileReference; explicitFileType = "compiled.mach-o.executable"; includeInIndex = 0; path = Algorithm; sourceTree = BUILT_PRODUCTS_DIR; };
		30C908B129B9E191000F46AF /* main.swift */ = {isa = PBXFileReference; lastKnownFileType = sourcecode.swift; path = main.swift; sourceTree = "<group>"; };
		30C908B929BA0135000F46AF /* ArraySort.swift */ = {isa = PBXFileReference; lastKnownFileType = sourcecode.swift; path = ArraySort.swift; sourceTree = "<group>"; };
		30C908BB29BA0166000F46AF /* BublleSort.swift */ = {isa = PBXFileReference; lastKnownFileType = sourcecode.swift; path = BublleSort.swift; sourceTree = "<group>"; };
		30C908BF29BA0836000F46AF /* SortTest.swift */ = {isa = PBXFileReference; lastKnownFileType = sourcecode.swift; path = SortTest.swift; sourceTree = "<group>"; };
		30C908C129BA243C000F46AF /* SelectionSort.swift */ = {isa = PBXFileReference; lastKnownFileType = sourcecode.swift; path = SelectionSort.swift; sourceTree = "<group>"; };
		30C908C329BA26DA000F46AF /* InsertionSort.swift */ = {isa = PBXFileReference; lastKnownFileType = sourcecode.swift; path = InsertionSort.swift; sourceTree = "<group>"; };
		30C908C529BA2922000F46AF /* MergeSort.swift */ = {isa = PBXFileReference; lastKnownFileType = sourcecode.swift; path = MergeSort.swift; sourceTree = "<group>"; };
		30C908C729BB0FED000F46AF /* HeapSort.swift */ = {isa = PBXFileReference; lastKnownFileType = sourcecode.swift; path = HeapSort.swift; sourceTree = "<group>"; };
		30C908CA29BB1982000F46AF /* LeetCode.swift */ = {isa = PBXFileReference; lastKnownFileType = sourcecode.swift; path = LeetCode.swift; sourceTree = "<group>"; };
		30C908CC29BB1A0A000F46AF /* LC_88_合并两个有序数组.swift */ = {isa = PBXFileReference; lastKnownFileType = sourcecode.swift; path = "LC_88_合并两个有序数组.swift"; sourceTree = "<group>"; };
		30C908CE29BB1B03000F46AF /* LeetCodeTest.swift */ = {isa = PBXFileReference; lastKnownFileType = sourcecode.swift; path = LeetCodeTest.swift; sourceTree = "<group>"; };
		30C908D029BB1F48000F46AF /* ListNode.swift */ = {isa = PBXFileReference; lastKnownFileType = sourcecode.swift; path = ListNode.swift; sourceTree = "<group>"; };
		30C908D229BB1FCE000F46AF /* LC_21_合并两个有序链表.swift */ = {isa = PBXFileReference; lastKnownFileType = sourcecode.swift; path = "LC_21_合并两个有序链表.swift"; sourceTree = "<group>"; };
		30C908D429BB2277000F46AF /* LC_23_合并K个升序链表.swift */ = {isa = PBXFileReference; lastKnownFileType = sourcecode.swift; path = "LC_23_合并K个升序链表.swift"; sourceTree = "<group>"; };
		30C908D829BB30D6000F46AF /* QuickSort.swift */ = {isa = PBXFileReference; lastKnownFileType = sourcecode.swift; path = QuickSort.swift; sourceTree = "<group>"; };
		30C908DA29BB3E42000F46AF /* ShellSort.swift */ = {isa = PBXFileReference; lastKnownFileType = sourcecode.swift; path = ShellSort.swift; sourceTree = "<group>"; };
		30C908DC29BB3E7D000F46AF /* CountSort.swift */ = {isa = PBXFileReference; lastKnownFileType = sourcecode.swift; path = CountSort.swift; sourceTree = "<group>"; };
		30C908DE29BB7738000F46AF /* RadixSort.swift */ = {isa = PBXFileReference; lastKnownFileType = sourcecode.swift; path = RadixSort.swift; sourceTree = "<group>"; };
		30C908E029BB7ABA000F46AF /* BucketSort.swift */ = {isa = PBXFileReference; lastKnownFileType = sourcecode.swift; path = BucketSort.swift; sourceTree = "<group>"; };
		30C908E329BB7D98000F46AF /* RS_斐波那契数列.swift */ = {isa = PBXFileReference; lastKnownFileType = sourcecode.swift; path = "RS_斐波那契数列.swift"; sourceTree = "<group>"; };
		30C908E529BB7E83000F46AF /* RS_汉诺塔.swift */ = {isa = PBXFileReference; lastKnownFileType = sourcecode.swift; path = "RS_汉诺塔.swift"; sourceTree = "<group>"; };
		30C908E829BB7FBA000F46AF /* Queens.swift */ = {isa = PBXFileReference; lastKnownFileType = sourcecode.swift; path = Queens.swift; sourceTree = "<group>"; };
		30C908EA29BB8497000F46AF /* LC_46_全排列.swift */ = {isa = PBXFileReference; lastKnownFileType = sourcecode.swift; path = "LC_46_全排列.swift"; sourceTree = "<group>"; };
		30C908EC29BB8572000F46AF /* LC_47_全排列2.swift */ = {isa = PBXFileReference; lastKnownFileType = sourcecode.swift; path = "LC_47_全排列2.swift"; sourceTree = "<group>"; };
		30C908EE29BB861E000F46AF /* LC_39_组合总和.swift */ = {isa = PBXFileReference; lastKnownFileType = sourcecode.swift; path = "LC_39_组合总和.swift"; sourceTree = "<group>"; };
		30C908F029BB8685000F46AF /* LC_40_组合总和 II.swift */ = {isa = PBXFileReference; lastKnownFileType = sourcecode.swift; path = "LC_40_组合总和 II.swift"; sourceTree = "<group>"; };
		30C908F229BB8790000F46AF /* LC_78_子集.swift */ = {isa = PBXFileReference; lastKnownFileType = sourcecode.swift; path = "LC_78_子集.swift"; sourceTree = "<group>"; };
		30C908F429BB87F2000F46AF /* LC_90_子集2.swift */ = {isa = PBXFileReference; lastKnownFileType = sourcecode.swift; path = "LC_90_子集2.swift"; sourceTree = "<group>"; };
		30C908F729BB8898000F46AF /* Knapsack.swift */ = {isa = PBXFileReference; lastKnownFileType = sourcecode.swift; path = Knapsack.swift; sourceTree = "<group>"; };
		30C908F929BB891C000F46AF /* LC_455_分发饼干.swift */ = {isa = PBXFileReference; lastKnownFileType = sourcecode.swift; path = "LC_455_分发饼干.swift"; sourceTree = "<group>"; };
		30C908FB29BB896A000F46AF /* LC_452_用最少数量的箭引爆气球.swift */ = {isa = PBXFileReference; lastKnownFileType = sourcecode.swift; path = "LC_452_用最少数量的箭引爆气球.swift"; sourceTree = "<group>"; };
		30C908FD29BB8A37000F46AF /* LC_122_买卖股票的最佳时机 II.swift */ = {isa = PBXFileReference; lastKnownFileType = sourcecode.swift; path = "LC_122_买卖股票的最佳时机 II.swift"; sourceTree = "<group>"; };
		30C908FF29BB8ACC000F46AF /* LC_605_种花问题.swift */ = {isa = PBXFileReference; lastKnownFileType = sourcecode.swift; path = "LC_605_种花问题.swift"; sourceTree = "<group>"; };
		30C9090129BB8B6F000F46AF /* LC_135_分发糖果.swift */ = {isa = PBXFileReference; lastKnownFileType = sourcecode.swift; path = "LC_135_分发糖果.swift"; sourceTree = "<group>"; };
		30C9090429BB8BBF000F46AF /* MaxSubArray.swift */ = {isa = PBXFileReference; lastKnownFileType = sourcecode.swift; path = MaxSubArray.swift; sourceTree = "<group>"; };
		30C9090729BB8C2B000F46AF /* DynamicProgramming.swift */ = {isa = PBXFileReference; lastKnownFileType = sourcecode.swift; path = DynamicProgramming.swift; sourceTree = "<group>"; };
		30C9090929BB8C7B000F46AF /* MaxSubArray2.swift */ = {isa = PBXFileReference; lastKnownFileType = sourcecode.swift; path = MaxSubArray2.swift; sourceTree = "<group>"; };
		30C9090B29BB8CBC000F46AF /* LC_300_最长上升子序列.swift */ = {isa = PBXFileReference; lastKnownFileType = sourcecode.swift; path = "LC_300_最长上升子序列.swift"; sourceTree = "<group>"; };
		30C9090D29BB8D08000F46AF /* LC_1143_最长公共子序列.swift */ = {isa = PBXFileReference; lastKnownFileType = sourcecode.swift; path = "LC_1143_最长公共子序列.swift"; sourceTree = "<group>"; };
		30C9090F29BB8DA6000F46AF /* LC_75_颜色分类.swift */ = {isa = PBXFileReference; lastKnownFileType = sourcecode.swift; path = "LC_75_颜色分类.swift"; sourceTree = "<group>"; };
		30C9091129BB8E2D000F46AF /* LC_16.16_部分排序.swift */ = {isa = PBXFileReference; lastKnownFileType = sourcecode.swift; path = "LC_16.16_部分排序.swift"; sourceTree = "<group>"; };
		30C9091329BB8E95000F46AF /* LC_164_最大间距.swift */ = {isa = PBXFileReference; lastKnownFileType = sourcecode.swift; path = "LC_164_最大间距.swift"; sourceTree = "<group>"; };
		30C9091529BB8F0B000F46AF /* LC_977_有序数组的平方.swift */ = {isa = PBXFileReference; lastKnownFileType = sourcecode.swift; path = "LC_977_有序数组的平方.swift"; sourceTree = "<group>"; };
/* End PBXFileReference section */

/* Begin PBXFrameworksBuildPhase section */
		30C908AB29B9E191000F46AF /* Frameworks */ = {
			isa = PBXFrameworksBuildPhase;
			buildActionMask = 2147483647;
			files = (
			);
			runOnlyForDeploymentPostprocessing = 0;
		};
/* End PBXFrameworksBuildPhase section */

/* Begin PBXGroup section */
		30C908A529B9E191000F46AF = {
			isa = PBXGroup;
			children = (
				30C9090629BB8C16000F46AF /* DynamicProgramming动态规划 */,
				30C9090329BB8BAC000F46AF /* DivideAndConquer分治 */,
				30C908F629BB8887000F46AF /* Greedy贪心 */,
				30C908B029B9E191000F46AF /* Algorithm */,
				30C908AF29B9E191000F46AF /* Products */,
			);
			sourceTree = "<group>";
		};
		30C908AF29B9E191000F46AF /* Products */ = {
			isa = PBXGroup;
			children = (
				30C908AE29B9E191000F46AF /* Algorithm */,
			);
			name = Products;
			sourceTree = "<group>";
		};
		30C908B029B9E191000F46AF /* Algorithm */ = {
			isa = PBXGroup;
			children = (
				30C908E729BB7FA5000F46AF /* BackTracking回溯 */,
				30C908E229BB7D6D000F46AF /* Recursion递归 */,
				30C908C929BB1955000F46AF /* LeetCode */,
				30C908B829BA0101000F46AF /* Sort */,
				30C908B129B9E191000F46AF /* main.swift */,
				30C908D029BB1F48000F46AF /* ListNode.swift */,
			);
			path = Algorithm;
			sourceTree = "<group>";
		};
		30C908B829BA0101000F46AF /* Sort */ = {
			isa = PBXGroup;
			children = (
				30C908B929BA0135000F46AF /* ArraySort.swift */,
				30C908BB29BA0166000F46AF /* BublleSort.swift */,
				30C908BF29BA0836000F46AF /* SortTest.swift */,
				30C908C129BA243C000F46AF /* SelectionSort.swift */,
				30C908C329BA26DA000F46AF /* InsertionSort.swift */,
				30C908C529BA2922000F46AF /* MergeSort.swift */,
				30C908C729BB0FED000F46AF /* HeapSort.swift */,
				30C908D829BB30D6000F46AF /* QuickSort.swift */,
				30C908DA29BB3E42000F46AF /* ShellSort.swift */,
				30C908DC29BB3E7D000F46AF /* CountSort.swift */,
				30C908DE29BB7738000F46AF /* RadixSort.swift */,
				30C908E029BB7ABA000F46AF /* BucketSort.swift */,
			);
			path = Sort;
			sourceTree = "<group>";
		};
		30C908C929BB1955000F46AF /* LeetCode */ = {
			isa = PBXGroup;
			children = (
				30C908CE29BB1B03000F46AF /* LeetCodeTest.swift */,
				30C908CA29BB1982000F46AF /* LeetCode.swift */,
				30C908CC29BB1A0A000F46AF /* LC_88_合并两个有序数组.swift */,
				30C908D229BB1FCE000F46AF /* LC_21_合并两个有序链表.swift */,
				30C908D429BB2277000F46AF /* LC_23_合并K个升序链表.swift */,
				30C908EA29BB8497000F46AF /* LC_46_全排列.swift */,
				30C908EC29BB8572000F46AF /* LC_47_全排列2.swift */,
				30C908EE29BB861E000F46AF /* LC_39_组合总和.swift */,
				30C908F029BB8685000F46AF /* LC_40_组合总和 II.swift */,
				30C908F229BB8790000F46AF /* LC_78_子集.swift */,
				30C908F429BB87F2000F46AF /* LC_90_子集2.swift */,
				30C908F929BB891C000F46AF /* LC_455_分发饼干.swift */,
				30C908FB29BB896A000F46AF /* LC_452_用最少数量的箭引爆气球.swift */,
				30C908FD29BB8A37000F46AF /* LC_122_买卖股票的最佳时机 II.swift */,
				30C908FF29BB8ACC000F46AF /* LC_605_种花问题.swift */,
				30C9090129BB8B6F000F46AF /* LC_135_分发糖果.swift */,
				30C9090B29BB8CBC000F46AF /* LC_300_最长上升子序列.swift */,
				30C9090D29BB8D08000F46AF /* LC_1143_最长公共子序列.swift */,
				30C9090F29BB8DA6000F46AF /* LC_75_颜色分类.swift */,
				30C9091129BB8E2D000F46AF /* LC_16.16_部分排序.swift */,
				30C9091329BB8E95000F46AF /* LC_164_最大间距.swift */,
				30C9091529BB8F0B000F46AF /* LC_977_有序数组的平方.swift */,
			);
			path = LeetCode;
			sourceTree = "<group>";
		};
		30C908E229BB7D6D000F46AF /* Recursion递归 */ = {
			isa = PBXGroup;
			children = (
				30C908E329BB7D98000F46AF /* RS_斐波那契数列.swift */,
				30C908E529BB7E83000F46AF /* RS_汉诺塔.swift */,
			);
			path = "Recursion递归";
			sourceTree = "<group>";
		};
		30C908E729BB7FA5000F46AF /* BackTracking回溯 */ = {
			isa = PBXGroup;
			children = (
				30C908E829BB7FBA000F46AF /* Queens.swift */,
			);
			path = "BackTracking回溯";
			sourceTree = "<group>";
		};
		30C908F629BB8887000F46AF /* Greedy贪心 */ = {
			isa = PBXGroup;
			children = (
				30C908F729BB8898000F46AF /* Knapsack.swift */,
			);
			path = "Greedy贪心";
			sourceTree = "<group>";
		};
		30C9090329BB8BAC000F46AF /* DivideAndConquer分治 */ = {
			isa = PBXGroup;
			children = (
				30C9090429BB8BBF000F46AF /* MaxSubArray.swift */,
			);
			path = "DivideAndConquer分治";
			sourceTree = "<group>";
		};
		30C9090629BB8C16000F46AF /* DynamicProgramming动态规划 */ = {
			isa = PBXGroup;
			children = (
				30C9090729BB8C2B000F46AF /* DynamicProgramming.swift */,
				30C9090929BB8C7B000F46AF /* MaxSubArray2.swift */,
			);
			path = "DynamicProgramming动态规划";
			sourceTree = "<group>";
		};
/* End PBXGroup section */

/* Begin PBXNativeTarget section */
		30C908AD29B9E191000F46AF /* Algorithm */ = {
			isa = PBXNativeTarget;
			buildConfigurationList = 30C908B529B9E191000F46AF /* Build configuration list for PBXNativeTarget "Algorithm" */;
			buildPhases = (
				30C908AA29B9E191000F46AF /* Sources */,
				30C908AB29B9E191000F46AF /* Frameworks */,
				30C908AC29B9E191000F46AF /* CopyFiles */,
			);
			buildRules = (
			);
			dependencies = (
			);
			name = Algorithm;
			productName = Algorithm;
			productReference = 30C908AE29B9E191000F46AF /* Algorithm */;
			productType = "com.apple.product-type.tool";
		};
/* End PBXNativeTarget section */

/* Begin PBXProject section */
		30C908A629B9E191000F46AF /* Project object */ = {
			isa = PBXProject;
			attributes = {
				BuildIndependentTargetsInParallel = 1;
				LastSwiftUpdateCheck = 1420;
				LastUpgradeCheck = 1420;
				TargetAttributes = {
					30C908AD29B9E191000F46AF = {
						CreatedOnToolsVersion = 14.2;
					};
				};
			};
			buildConfigurationList = 30C908A929B9E191000F46AF /* Build configuration list for PBXProject "Algorithm" */;
			compatibilityVersion = "Xcode 14.0";
			developmentRegion = en;
			hasScannedForEncodings = 0;
			knownRegions = (
				en,
				Base,
			);
			mainGroup = 30C908A529B9E191000F46AF;
			productRefGroup = 30C908AF29B9E191000F46AF /* Products */;
			projectDirPath = "";
			projectRoot = "";
			targets = (
				30C908AD29B9E191000F46AF /* Algorithm */,
			);
		};
/* End PBXProject section */

/* Begin PBXSourcesBuildPhase section */
		30C908AA29B9E191000F46AF /* Sources */ = {
			isa = PBXSourcesBuildPhase;
			buildActionMask = 2147483647;
			files = (
				30C908D329BB1FCE000F46AF /* LC_21_合并两个有序链表.swift in Sources */,
				30C908D929BB30D6000F46AF /* QuickSort.swift in Sources */,
				30C908F329BB8790000F46AF /* LC_78_子集.swift in Sources */,
				30C908B229B9E191000F46AF /* main.swift in Sources */,
				30C908C029BA0836000F46AF /* SortTest.swift in Sources */,
				30C9090229BB8B6F000F46AF /* LC_135_分发糖果.swift in Sources */,
				30C908F529BB87F2000F46AF /* LC_90_子集2.swift in Sources */,
				30C908EF29BB861E000F46AF /* LC_39_组合总和.swift in Sources */,
				30C9091229BB8E2D000F46AF /* LC_16.16_部分排序.swift in Sources */,
				30C9090A29BB8C7B000F46AF /* MaxSubArray2.swift in Sources */,
				30C9091429BB8E95000F46AF /* LC_164_最大间距.swift in Sources */,
				30C9090029BB8ACC000F46AF /* LC_605_种花问题.swift in Sources */,
				30C908BA29BA0135000F46AF /* ArraySort.swift in Sources */,
				30C9091029BB8DA6000F46AF /* LC_75_颜色分类.swift in Sources */,
				30C908E129BB7ABA000F46AF /* BucketSort.swift in Sources */,
				30C9090529BB8BBF000F46AF /* MaxSubArray.swift in Sources */,
				30C908E629BB7E83000F46AF /* RS_汉诺塔.swift in Sources */,
				30C908C429BA26DA000F46AF /* InsertionSort.swift in Sources */,
				30C908E429BB7D98000F46AF /* RS_斐波那契数列.swift in Sources */,
				30C908D529BB2277000F46AF /* LC_23_合并K个升序链表.swift in Sources */,
				30C9091629BB8F0B000F46AF /* LC_977_有序数组的平方.swift in Sources */,
				30C908C629BA2922000F46AF /* MergeSort.swift in Sources */,
				30C908DF29BB7738000F46AF /* RadixSort.swift in Sources */,
				30C908EB29BB8497000F46AF /* LC_46_全排列.swift in Sources */,
				30C9090829BB8C2B000F46AF /* DynamicProgramming.swift in Sources */,
				30C908CF29BB1B03000F46AF /* LeetCodeTest.swift in Sources */,
				30C908CB29BB1982000F46AF /* LeetCode.swift in Sources */,
				30C908DD29BB3E7D000F46AF /* CountSort.swift in Sources */,
				30C908DB29BB3E42000F46AF /* ShellSort.swift in Sources */,
				30C9090C29BB8CBC000F46AF /* LC_300_最长上升子序列.swift in Sources */,
				30C908CD29BB1A0A000F46AF /* LC_88_合并两个有序数组.swift in Sources */,
				30C908BC29BA0166000F46AF /* BublleSort.swift in Sources */,
				30C908F829BB8898000F46AF /* Knapsack.swift in Sources */,
				30C9090E29BB8D08000F46AF /* LC_1143_最长公共子序列.swift in Sources */,
				30C908F129BB8685000F46AF /* LC_40_组合总和 II.swift in Sources */,
				30C908FA29BB891C000F46AF /* LC_455_分发饼干.swift in Sources */,
				30C908C229BA243C000F46AF /* SelectionSort.swift in Sources */,
				30C908C829BB0FED000F46AF /* HeapSort.swift in Sources */,
				30C908E929BB7FBA000F46AF /* Queens.swift in Sources */,
				30C908FC29BB896A000F46AF /* LC_452_用最少数量的箭引爆气球.swift in Sources */,
				30C908ED29BB8572000F46AF /* LC_47_全排列2.swift in Sources */,
				30C908FE29BB8A37000F46AF /* LC_122_买卖股票的最佳时机 II.swift in Sources */,
				30C908D129BB1F48000F46AF /* ListNode.swift in Sources */,
			);
			runOnlyForDeploymentPostprocessing = 0;
		};
/* End PBXSourcesBuildPhase section */

/* Begin XCBuildConfiguration section */
		30C908B329B9E191000F46AF /* Debug */ = {
			isa = XCBuildConfiguration;
			buildSettings = {
				ALWAYS_SEARCH_USER_PATHS = NO;
				CLANG_ANALYZER_NONNULL = YES;
				CLANG_ANALYZER_NUMBER_OBJECT_CONVERSION = YES_AGGRESSIVE;
				CLANG_CXX_LANGUAGE_STANDARD = "gnu++20";
				CLANG_ENABLE_MODULES = YES;
				CLANG_ENABLE_OBJC_ARC = YES;
				CLANG_ENABLE_OBJC_WEAK = YES;
				CLANG_WARN_BLOCK_CAPTURE_AUTORELEASING = YES;
				CLANG_WARN_BOOL_CONVERSION = YES;
				CLANG_WARN_COMMA = YES;
				CLANG_WARN_CONSTANT_CONVERSION = YES;
				CLANG_WARN_DEPRECATED_OBJC_IMPLEMENTATIONS = YES;
				CLANG_WARN_DIRECT_OBJC_ISA_USAGE = YES_ERROR;
				CLANG_WARN_DOCUMENTATION_COMMENTS = YES;
				CLANG_WARN_EMPTY_BODY = YES;
				CLANG_WARN_ENUM_CONVERSION = YES;
				CLANG_WARN_INFINITE_RECURSION = YES;
				CLANG_WARN_INT_CONVERSION = YES;
				CLANG_WARN_NON_LITERAL_NULL_CONVERSION = YES;
				CLANG_WARN_OBJC_IMPLICIT_RETAIN_SELF = YES;
				CLANG_WARN_OBJC_LITERAL_CONVERSION = YES;
				CLANG_WARN_OBJC_ROOT_CLASS = YES_ERROR;
				CLANG_WARN_QUOTED_INCLUDE_IN_FRAMEWORK_HEADER = YES;
				CLANG_WARN_RANGE_LOOP_ANALYSIS = YES;
				CLANG_WARN_STRICT_PROTOTYPES = YES;
				CLANG_WARN_SUSPICIOUS_MOVE = YES;
				CLANG_WARN_UNGUARDED_AVAILABILITY = YES_AGGRESSIVE;
				CLANG_WARN_UNREACHABLE_CODE = YES;
				CLANG_WARN__DUPLICATE_METHOD_MATCH = YES;
				COPY_PHASE_STRIP = NO;
				DEBUG_INFORMATION_FORMAT = dwarf;
				ENABLE_STRICT_OBJC_MSGSEND = YES;
				ENABLE_TESTABILITY = YES;
				GCC_C_LANGUAGE_STANDARD = gnu11;
				GCC_DYNAMIC_NO_PIC = NO;
				GCC_NO_COMMON_BLOCKS = YES;
				GCC_OPTIMIZATION_LEVEL = 0;
				GCC_PREPROCESSOR_DEFINITIONS = (
					"DEBUG=1",
					"$(inherited)",
				);
				GCC_WARN_64_TO_32_BIT_CONVERSION = YES;
				GCC_WARN_ABOUT_RETURN_TYPE = YES_ERROR;
				GCC_WARN_UNDECLARED_SELECTOR = YES;
				GCC_WARN_UNINITIALIZED_AUTOS = YES_AGGRESSIVE;
				GCC_WARN_UNUSED_FUNCTION = YES;
				GCC_WARN_UNUSED_VARIABLE = YES;
				MACOSX_DEPLOYMENT_TARGET = 13.1;
				MTL_ENABLE_DEBUG_INFO = INCLUDE_SOURCE;
				MTL_FAST_MATH = YES;
				ONLY_ACTIVE_ARCH = YES;
				SDKROOT = macosx;
				SWIFT_ACTIVE_COMPILATION_CONDITIONS = DEBUG;
				SWIFT_OPTIMIZATION_LEVEL = "-Onone";
			};
			name = Debug;
		};
		30C908B429B9E191000F46AF /* Release */ = {
			isa = XCBuildConfiguration;
			buildSettings = {
				ALWAYS_SEARCH_USER_PATHS = NO;
				CLANG_ANALYZER_NONNULL = YES;
				CLANG_ANALYZER_NUMBER_OBJECT_CONVERSION = YES_AGGRESSIVE;
				CLANG_CXX_LANGUAGE_STANDARD = "gnu++20";
				CLANG_ENABLE_MODULES = YES;
				CLANG_ENABLE_OBJC_ARC = YES;
				CLANG_ENABLE_OBJC_WEAK = YES;
				CLANG_WARN_BLOCK_CAPTURE_AUTORELEASING = YES;
				CLANG_WARN_BOOL_CONVERSION = YES;
				CLANG_WARN_COMMA = YES;
				CLANG_WARN_CONSTANT_CONVERSION = YES;
				CLANG_WARN_DEPRECATED_OBJC_IMPLEMENTATIONS = YES;
				CLANG_WARN_DIRECT_OBJC_ISA_USAGE = YES_ERROR;
				CLANG_WARN_DOCUMENTATION_COMMENTS = YES;
				CLANG_WARN_EMPTY_BODY = YES;
				CLANG_WARN_ENUM_CONVERSION = YES;
				CLANG_WARN_INFINITE_RECURSION = YES;
				CLANG_WARN_INT_CONVERSION = YES;
				CLANG_WARN_NON_LITERAL_NULL_CONVERSION = YES;
				CLANG_WARN_OBJC_IMPLICIT_RETAIN_SELF = YES;
				CLANG_WARN_OBJC_LITERAL_CONVERSION = YES;
				CLANG_WARN_OBJC_ROOT_CLASS = YES_ERROR;
				CLANG_WARN_QUOTED_INCLUDE_IN_FRAMEWORK_HEADER = YES;
				CLANG_WARN_RANGE_LOOP_ANALYSIS = YES;
				CLANG_WARN_STRICT_PROTOTYPES = YES;
				CLANG_WARN_SUSPICIOUS_MOVE = YES;
				CLANG_WARN_UNGUARDED_AVAILABILITY = YES_AGGRESSIVE;
				CLANG_WARN_UNREACHABLE_CODE = YES;
				CLANG_WARN__DUPLICATE_METHOD_MATCH = YES;
				COPY_PHASE_STRIP = NO;
				DEBUG_INFORMATION_FORMAT = "dwarf-with-dsym";
				ENABLE_NS_ASSERTIONS = NO;
				ENABLE_STRICT_OBJC_MSGSEND = YES;
				GCC_C_LANGUAGE_STANDARD = gnu11;
				GCC_NO_COMMON_BLOCKS = YES;
				GCC_WARN_64_TO_32_BIT_CONVERSION = YES;
				GCC_WARN_ABOUT_RETURN_TYPE = YES_ERROR;
				GCC_WARN_UNDECLARED_SELECTOR = YES;
				GCC_WARN_UNINITIALIZED_AUTOS = YES_AGGRESSIVE;
				GCC_WARN_UNUSED_FUNCTION = YES;
				GCC_WARN_UNUSED_VARIABLE = YES;
				MACOSX_DEPLOYMENT_TARGET = 13.1;
				MTL_ENABLE_DEBUG_INFO = NO;
				MTL_FAST_MATH = YES;
				SDKROOT = macosx;
				SWIFT_COMPILATION_MODE = wholemodule;
				SWIFT_OPTIMIZATION_LEVEL = "-O";
			};
			name = Release;
		};
		30C908B629B9E191000F46AF /* Debug */ = {
			isa = XCBuildConfiguration;
			buildSettings = {
				CODE_SIGN_STYLE = Automatic;
				DEVELOPMENT_TEAM = H6FNQWD7A9;
				ENABLE_HARDENED_RUNTIME = YES;
				PRODUCT_NAME = "$(TARGET_NAME)";
				SWIFT_VERSION = 5.0;
			};
			name = Debug;
		};
		30C908B729B9E191000F46AF /* Release */ = {
			isa = XCBuildConfiguration;
			buildSettings = {
				CODE_SIGN_STYLE = Automatic;
				DEVELOPMENT_TEAM = H6FNQWD7A9;
				ENABLE_HARDENED_RUNTIME = YES;
				PRODUCT_NAME = "$(TARGET_NAME)";
				SWIFT_VERSION = 5.0;
			};
			name = Release;
		};
/* End XCBuildConfiguration section */

/* Begin XCConfigurationList section */
		30C908A929B9E191000F46AF /* Build configuration list for PBXProject "Algorithm" */ = {
			isa = XCConfigurationList;
			buildConfigurations = (
				30C908B329B9E191000F46AF /* Debug */,
				30C908B429B9E191000F46AF /* Release */,
			);
			defaultConfigurationIsVisible = 0;
			defaultConfigurationName = Release;
		};
		30C908B529B9E191000F46AF /* Build configuration list for PBXNativeTarget "Algorithm" */ = {
			isa = XCConfigurationList;
			buildConfigurations = (
				30C908B629B9E191000F46AF /* Debug */,
				30C908B729B9E191000F46AF /* Release */,
			);
			defaultConfigurationIsVisible = 0;
			defaultConfigurationName = Release;
		};
/* End XCConfigurationList section */
	};
	rootObject = 30C908A629B9E191000F46AF /* Project object */;
}
