// !$*UTF8*$!
{
	archiveVersion = 1;
	classes = {
	};
	objectVersion = 56;
	objects = {

/* Begin PBXBuildFile section */
		30C908B229B9E191000F46AF /* main.swift in Sources */ = {isa = PBXBuildFile; fileRef = 30C908B129B9E191000F46AF /* main.swift */; };
		30C908BA29BA0135000F46AF /* ArraySort.swift in Sources */ = {isa = PBXBuildFile; fileRef = 30C908B929BA0135000F46AF /* ArraySort.swift */; };
		30C908BC29BA0166000F46AF /* BublleSort.swift in Sources */ = {isa = PBXBuildFile; fileRef = 30C908BB29BA0166000F46AF /* BublleSort.swift */; };
		30C908C029BA0836000F46AF /* SortTest.swift in Sources */ = {isa = PBXBuildFile; fileRef = 30C908BF29BA0836000F46AF /* SortTest.swift */; };
		30C908C229BA243C000F46AF /* SelectionSort.swift in Sources */ = {isa = PBXBuildFile; fileRef = 30C908C129BA243C000F46AF /* SelectionSort.swift */; };
		30C908C429BA26DA000F46AF /* InsertionSort.swift in Sources */ = {isa = PBXBuildFile; fileRef = 30C908C329BA26DA000F46AF /* InsertionSort.swift */; };
		30C908C629BA2922000F46AF /* MergeSort.swift in Sources */ = {isa = PBXBuildFile; fileRef = 30C908C529BA2922000F46AF /* MergeSort.swift */; };
		30C908C829BB0FED000F46AF /* HeapSort.swift in Sources */ = {isa = PBXBuildFile; fileRef = 30C908C729BB0FED000F46AF /* HeapSort.swift */; };
		30C908CB29BB1982000F46AF /* LeetCode.swift in Sources */ = {isa = PBXBuildFile; fileRef = 30C908CA29BB1982000F46AF /* LeetCode.swift */; };
		30C908CD29BB1A0A000F46AF /* LeetCode88.swift in Sources */ = {isa = PBXBuildFile; fileRef = 30C908CC29BB1A0A000F46AF /* LeetCode88.swift */; };
		30C908CF29BB1B03000F46AF /* LeetCodeTest.swift in Sources */ = {isa = PBXBuildFile; fileRef = 30C908CE29BB1B03000F46AF /* LeetCodeTest.swift */; };
		30C908D129BB1F48000F46AF /* ListNode.swift in Sources */ = {isa = PBXBuildFile; fileRef = 30C908D029BB1F48000F46AF /* ListNode.swift */; };
		30C908D329BB1FCE000F46AF /* LeetCode21.swift in Sources */ = {isa = PBXBuildFile; fileRef = 30C908D229BB1FCE000F46AF /* LeetCode21.swift */; };
		30C908D529BB2277000F46AF /* LeetCode23.swift in Sources */ = {isa = PBXBuildFile; fileRef = 30C908D429BB2277000F46AF /* LeetCode23.swift */; };
		30C908D929BB30D6000F46AF /* QuickSort.swift in Sources */ = {isa = PBXBuildFile; fileRef = 30C908D829BB30D6000F46AF /* QuickSort.swift */; };
		30C908DB29BB3E42000F46AF /* ShellSort.swift in Sources */ = {isa = PBXBuildFile; fileRef = 30C908DA29BB3E42000F46AF /* ShellSort.swift */; };
/* End PBXBuildFile section */

/* Begin PBXCopyFilesBuildPhase section */
		30C908AC29B9E191000F46AF /* CopyFiles */ = {
			isa = PBXCopyFilesBuildPhase;
			buildActionMask = 2147483647;
			dstPath = /usr/share/man/man1/;
			dstSubfolderSpec = 0;
			files = (
			);
			runOnlyForDeploymentPostprocessing = 1;
		};
/* End PBXCopyFilesBuildPhase section */

/* Begin PBXFileReference section */
		30C908AE29B9E191000F46AF /* Algorithm */ = {isa = PBXFileReference; explicitFileType = "compiled.mach-o.executable"; includeInIndex = 0; path = Algorithm; sourceTree = BUILT_PRODUCTS_DIR; };
		30C908B129B9E191000F46AF /* main.swift */ = {isa = PBXFileReference; lastKnownFileType = sourcecode.swift; path = main.swift; sourceTree = "<group>"; };
		30C908B929BA0135000F46AF /* ArraySort.swift */ = {isa = PBXFileReference; lastKnownFileType = sourcecode.swift; path = ArraySort.swift; sourceTree = "<group>"; };
		30C908BB29BA0166000F46AF /* BublleSort.swift */ = {isa = PBXFileReference; lastKnownFileType = sourcecode.swift; path = BublleSort.swift; sourceTree = "<group>"; };
		30C908BF29BA0836000F46AF /* SortTest.swift */ = {isa = PBXFileReference; lastKnownFileType = sourcecode.swift; path = SortTest.swift; sourceTree = "<group>"; };
		30C908C129BA243C000F46AF /* SelectionSort.swift */ = {isa = PBXFileReference; lastKnownFileType = sourcecode.swift; path = SelectionSort.swift; sourceTree = "<group>"; };
		30C908C329BA26DA000F46AF /* InsertionSort.swift */ = {isa = PBXFileReference; lastKnownFileType = sourcecode.swift; path = InsertionSort.swift; sourceTree = "<group>"; };
		30C908C529BA2922000F46AF /* MergeSort.swift */ = {isa = PBXFileReference; lastKnownFileType = sourcecode.swift; path = MergeSort.swift; sourceTree = "<group>"; };
		30C908C729BB0FED000F46AF /* HeapSort.swift */ = {isa = PBXFileReference; lastKnownFileType = sourcecode.swift; path = HeapSort.swift; sourceTree = "<group>"; };
		30C908CA29BB1982000F46AF /* LeetCode.swift */ = {isa = PBXFileReference; lastKnownFileType = sourcecode.swift; path = LeetCode.swift; sourceTree = "<group>"; };
		30C908CC29BB1A0A000F46AF /* LeetCode88.swift */ = {isa = PBXFileReference; lastKnownFileType = sourcecode.swift; path = LeetCode88.swift; sourceTree = "<group>"; };
		30C908CE29BB1B03000F46AF /* LeetCodeTest.swift */ = {isa = PBXFileReference; lastKnownFileType = sourcecode.swift; path = LeetCodeTest.swift; sourceTree = "<group>"; };
		30C908D029BB1F48000F46AF /* ListNode.swift */ = {isa = PBXFileReference; lastKnownFileType = sourcecode.swift; path = ListNode.swift; sourceTree = "<group>"; };
		30C908D229BB1FCE000F46AF /* LeetCode21.swift */ = {isa = PBXFileReference; lastKnownFileType = sourcecode.swift; path = LeetCode21.swift; sourceTree = "<group>"; };
		30C908D429BB2277000F46AF /* LeetCode23.swift */ = {isa = PBXFileReference; lastKnownFileType = sourcecode.swift; path = LeetCode23.swift; sourceTree = "<group>"; };
		30C908D829BB30D6000F46AF /* QuickSort.swift */ = {isa = PBXFileReference; lastKnownFileType = sourcecode.swift; path = QuickSort.swift; sourceTree = "<group>"; };
		30C908DA29BB3E42000F46AF /* ShellSort.swift */ = {isa = PBXFileReference; lastKnownFileType = sourcecode.swift; path = ShellSort.swift; sourceTree = "<group>"; };
/* End PBXFileReference section */

/* Begin PBXFrameworksBuildPhase section */
		30C908AB29B9E191000F46AF /* Frameworks */ = {
			isa = PBXFrameworksBuildPhase;
			buildActionMask = 2147483647;
			files = (
			);
			runOnlyForDeploymentPostprocessing = 0;
		};
/* End PBXFrameworksBuildPhase section */

/* Begin PBXGroup section */
		30C908A529B9E191000F46AF = {
			isa = PBXGroup;
			children = (
				30C908B029B9E191000F46AF /* Algorithm */,
				30C908AF29B9E191000F46AF /* Products */,
			);
			sourceTree = "<group>";
		};
		30C908AF29B9E191000F46AF /* Products */ = {
			isa = PBXGroup;
			children = (
				30C908AE29B9E191000F46AF /* Algorithm */,
			);
			name = Products;
			sourceTree = "<group>";
		};
		30C908B029B9E191000F46AF /* Algorithm */ = {
			isa = PBXGroup;
			children = (
				30C908C929BB1955000F46AF /* LeetCode */,
				30C908B829BA0101000F46AF /* Sort */,
				30C908B129B9E191000F46AF /* main.swift */,
				30C908D029BB1F48000F46AF /* ListNode.swift */,
			);
			path = Algorithm;
			sourceTree = "<group>";
		};
		30C908B829BA0101000F46AF /* Sort */ = {
			isa = PBXGroup;
			children = (
				30C908B929BA0135000F46AF /* ArraySort.swift */,
				30C908BB29BA0166000F46AF /* BublleSort.swift */,
				30C908BF29BA0836000F46AF /* SortTest.swift */,
				30C908C129BA243C000F46AF /* SelectionSort.swift */,
				30C908C329BA26DA000F46AF /* InsertionSort.swift */,
				30C908C529BA2922000F46AF /* MergeSort.swift */,
				30C908C729BB0FED000F46AF /* HeapSort.swift */,
				30C908D829BB30D6000F46AF /* QuickSort.swift */,
				30C908DA29BB3E42000F46AF /* ShellSort.swift */,
			);
			path = Sort;
			sourceTree = "<group>";
		};
		30C908C929BB1955000F46AF /* LeetCode */ = {
			isa = PBXGroup;
			children = (
				30C908CE29BB1B03000F46AF /* LeetCodeTest.swift */,
				30C908CA29BB1982000F46AF /* LeetCode.swift */,
				30C908CC29BB1A0A000F46AF /* LeetCode88.swift */,
				30C908D229BB1FCE000F46AF /* LeetCode21.swift */,
				30C908D429BB2277000F46AF /* LeetCode23.swift */,
			);
			path = LeetCode;
			sourceTree = "<group>";
		};
/* End PBXGroup section */

/* Begin PBXNativeTarget section */
		30C908AD29B9E191000F46AF /* Algorithm */ = {
			isa = PBXNativeTarget;
			buildConfigurationList = 30C908B529B9E191000F46AF /* Build configuration list for PBXNativeTarget "Algorithm" */;
			buildPhases = (
				30C908AA29B9E191000F46AF /* Sources */,
				30C908AB29B9E191000F46AF /* Frameworks */,
				30C908AC29B9E191000F46AF /* CopyFiles */,
			);
			buildRules = (
			);
			dependencies = (
			);
			name = Algorithm;
			productName = Algorithm;
			productReference = 30C908AE29B9E191000F46AF /* Algorithm */;
			productType = "com.apple.product-type.tool";
		};
/* End PBXNativeTarget section */

/* Begin PBXProject section */
		30C908A629B9E191000F46AF /* Project object */ = {
			isa = PBXProject;
			attributes = {
				BuildIndependentTargetsInParallel = 1;
				LastSwiftUpdateCheck = 1420;
				LastUpgradeCheck = 1420;
				TargetAttributes = {
					30C908AD29B9E191000F46AF = {
						CreatedOnToolsVersion = 14.2;
					};
				};
			};
			buildConfigurationList = 30C908A929B9E191000F46AF /* Build configuration list for PBXProject "Algorithm" */;
			compatibilityVersion = "Xcode 14.0";
			developmentRegion = en;
			hasScannedForEncodings = 0;
			knownRegions = (
				en,
				Base,
			);
			mainGroup = 30C908A529B9E191000F46AF;
			productRefGroup = 30C908AF29B9E191000F46AF /* Products */;
			projectDirPath = "";
			projectRoot = "";
			targets = (
				30C908AD29B9E191000F46AF /* Algorithm */,
			);
		};
/* End PBXProject section */

/* Begin PBXSourcesBuildPhase section */
		30C908AA29B9E191000F46AF /* Sources */ = {
			isa = PBXSourcesBuildPhase;
			buildActionMask = 2147483647;
			files = (
				30C908D329BB1FCE000F46AF /* LeetCode21.swift in Sources */,
				30C908D929BB30D6000F46AF /* QuickSort.swift in Sources */,
				30C908B229B9E191000F46AF /* main.swift in Sources */,
				30C908C029BA0836000F46AF /* SortTest.swift in Sources */,
				30C908BA29BA0135000F46AF /* ArraySort.swift in Sources */,
				30C908C429BA26DA000F46AF /* InsertionSort.swift in Sources */,
				30C908D529BB2277000F46AF /* LeetCode23.swift in Sources */,
				30C908C629BA2922000F46AF /* MergeSort.swift in Sources */,
				30C908CF29BB1B03000F46AF /* LeetCodeTest.swift in Sources */,
				30C908CB29BB1982000F46AF /* LeetCode.swift in Sources */,
				30C908DB29BB3E42000F46AF /* ShellSort.swift in Sources */,
				30C908CD29BB1A0A000F46AF /* LeetCode88.swift in Sources */,
				30C908BC29BA0166000F46AF /* BublleSort.swift in Sources */,
				30C908C229BA243C000F46AF /* SelectionSort.swift in Sources */,
				30C908C829BB0FED000F46AF /* HeapSort.swift in Sources */,
				30C908D129BB1F48000F46AF /* ListNode.swift in Sources */,
			);
			runOnlyForDeploymentPostprocessing = 0;
		};
/* End PBXSourcesBuildPhase section */

/* Begin XCBuildConfiguration section */
		30C908B329B9E191000F46AF /* Debug */ = {
			isa = XCBuildConfiguration;
			buildSettings = {
				ALWAYS_SEARCH_USER_PATHS = NO;
				CLANG_ANALYZER_NONNULL = YES;
				CLANG_ANALYZER_NUMBER_OBJECT_CONVERSION = YES_AGGRESSIVE;
				CLANG_CXX_LANGUAGE_STANDARD = "gnu++20";
				CLANG_ENABLE_MODULES = YES;
				CLANG_ENABLE_OBJC_ARC = YES;
				CLANG_ENABLE_OBJC_WEAK = YES;
				CLANG_WARN_BLOCK_CAPTURE_AUTORELEASING = YES;
				CLANG_WARN_BOOL_CONVERSION = YES;
				CLANG_WARN_COMMA = YES;
				CLANG_WARN_CONSTANT_CONVERSION = YES;
				CLANG_WARN_DEPRECATED_OBJC_IMPLEMENTATIONS = YES;
				CLANG_WARN_DIRECT_OBJC_ISA_USAGE = YES_ERROR;
				CLANG_WARN_DOCUMENTATION_COMMENTS = YES;
				CLANG_WARN_EMPTY_BODY = YES;
				CLANG_WARN_ENUM_CONVERSION = YES;
				CLANG_WARN_INFINITE_RECURSION = YES;
				CLANG_WARN_INT_CONVERSION = YES;
				CLANG_WARN_NON_LITERAL_NULL_CONVERSION = YES;
				CLANG_WARN_OBJC_IMPLICIT_RETAIN_SELF = YES;
				CLANG_WARN_OBJC_LITERAL_CONVERSION = YES;
				CLANG_WARN_OBJC_ROOT_CLASS = YES_ERROR;
				CLANG_WARN_QUOTED_INCLUDE_IN_FRAMEWORK_HEADER = YES;
				CLANG_WARN_RANGE_LOOP_ANALYSIS = YES;
				CLANG_WARN_STRICT_PROTOTYPES = YES;
				CLANG_WARN_SUSPICIOUS_MOVE = YES;
				CLANG_WARN_UNGUARDED_AVAILABILITY = YES_AGGRESSIVE;
				CLANG_WARN_UNREACHABLE_CODE = YES;
				CLANG_WARN__DUPLICATE_METHOD_MATCH = YES;
				COPY_PHASE_STRIP = NO;
				DEBUG_INFORMATION_FORMAT = dwarf;
				ENABLE_STRICT_OBJC_MSGSEND = YES;
				ENABLE_TESTABILITY = YES;
				GCC_C_LANGUAGE_STANDARD = gnu11;
				GCC_DYNAMIC_NO_PIC = NO;
				GCC_NO_COMMON_BLOCKS = YES;
				GCC_OPTIMIZATION_LEVEL = 0;
				GCC_PREPROCESSOR_DEFINITIONS = (
					"DEBUG=1",
					"$(inherited)",
				);
				GCC_WARN_64_TO_32_BIT_CONVERSION = YES;
				GCC_WARN_ABOUT_RETURN_TYPE = YES_ERROR;
				GCC_WARN_UNDECLARED_SELECTOR = YES;
				GCC_WARN_UNINITIALIZED_AUTOS = YES_AGGRESSIVE;
				GCC_WARN_UNUSED_FUNCTION = YES;
				GCC_WARN_UNUSED_VARIABLE = YES;
				MACOSX_DEPLOYMENT_TARGET = 13.1;
				MTL_ENABLE_DEBUG_INFO = INCLUDE_SOURCE;
				MTL_FAST_MATH = YES;
				ONLY_ACTIVE_ARCH = YES;
				SDKROOT = macosx;
				SWIFT_ACTIVE_COMPILATION_CONDITIONS = DEBUG;
				SWIFT_OPTIMIZATION_LEVEL = "-Onone";
			};
			name = Debug;
		};
		30C908B429B9E191000F46AF /* Release */ = {
			isa = XCBuildConfiguration;
			buildSettings = {
				ALWAYS_SEARCH_USER_PATHS = NO;
				CLANG_ANALYZER_NONNULL = YES;
				CLANG_ANALYZER_NUMBER_OBJECT_CONVERSION = YES_AGGRESSIVE;
				CLANG_CXX_LANGUAGE_STANDARD = "gnu++20";
				CLANG_ENABLE_MODULES = YES;
				CLANG_ENABLE_OBJC_ARC = YES;
				CLANG_ENABLE_OBJC_WEAK = YES;
				CLANG_WARN_BLOCK_CAPTURE_AUTORELEASING = YES;
				CLANG_WARN_BOOL_CONVERSION = YES;
				CLANG_WARN_COMMA = YES;
				CLANG_WARN_CONSTANT_CONVERSION = YES;
				CLANG_WARN_DEPRECATED_OBJC_IMPLEMENTATIONS = YES;
				CLANG_WARN_DIRECT_OBJC_ISA_USAGE = YES_ERROR;
				CLANG_WARN_DOCUMENTATION_COMMENTS = YES;
				CLANG_WARN_EMPTY_BODY = YES;
				CLANG_WARN_ENUM_CONVERSION = YES;
				CLANG_WARN_INFINITE_RECURSION = YES;
				CLANG_WARN_INT_CONVERSION = YES;
				CLANG_WARN_NON_LITERAL_NULL_CONVERSION = YES;
				CLANG_WARN_OBJC_IMPLICIT_RETAIN_SELF = YES;
				CLANG_WARN_OBJC_LITERAL_CONVERSION = YES;
				CLANG_WARN_OBJC_ROOT_CLASS = YES_ERROR;
				CLANG_WARN_QUOTED_INCLUDE_IN_FRAMEWORK_HEADER = YES;
				CLANG_WARN_RANGE_LOOP_ANALYSIS = YES;
				CLANG_WARN_STRICT_PROTOTYPES = YES;
				CLANG_WARN_SUSPICIOUS_MOVE = YES;
				CLANG_WARN_UNGUARDED_AVAILABILITY = YES_AGGRESSIVE;
				CLANG_WARN_UNREACHABLE_CODE = YES;
				CLANG_WARN__DUPLICATE_METHOD_MATCH = YES;
				COPY_PHASE_STRIP = NO;
				DEBUG_INFORMATION_FORMAT = "dwarf-with-dsym";
				ENABLE_NS_ASSERTIONS = NO;
				ENABLE_STRICT_OBJC_MSGSEND = YES;
				GCC_C_LANGUAGE_STANDARD = gnu11;
				GCC_NO_COMMON_BLOCKS = YES;
				GCC_WARN_64_TO_32_BIT_CONVERSION = YES;
				GCC_WARN_ABOUT_RETURN_TYPE = YES_ERROR;
				GCC_WARN_UNDECLARED_SELECTOR = YES;
				GCC_WARN_UNINITIALIZED_AUTOS = YES_AGGRESSIVE;
				GCC_WARN_UNUSED_FUNCTION = YES;
				GCC_WARN_UNUSED_VARIABLE = YES;
				MACOSX_DEPLOYMENT_TARGET = 13.1;
				MTL_ENABLE_DEBUG_INFO = NO;
				MTL_FAST_MATH = YES;
				SDKROOT = macosx;
				SWIFT_COMPILATION_MODE = wholemodule;
				SWIFT_OPTIMIZATION_LEVEL = "-O";
			};
			name = Release;
		};
		30C908B629B9E191000F46AF /* Debug */ = {
			isa = XCBuildConfiguration;
			buildSettings = {
				CODE_SIGN_STYLE = Automatic;
				DEVELOPMENT_TEAM = H6FNQWD7A9;
				ENABLE_HARDENED_RUNTIME = YES;
				PRODUCT_NAME = "$(TARGET_NAME)";
				SWIFT_VERSION = 5.0;
			};
			name = Debug;
		};
		30C908B729B9E191000F46AF /* Release */ = {
			isa = XCBuildConfiguration;
			buildSettings = {
				CODE_SIGN_STYLE = Automatic;
				DEVELOPMENT_TEAM = H6FNQWD7A9;
				ENABLE_HARDENED_RUNTIME = YES;
				PRODUCT_NAME = "$(TARGET_NAME)";
				SWIFT_VERSION = 5.0;
			};
			name = Release;
		};
/* End XCBuildConfiguration section */

/* Begin XCConfigurationList section */
		30C908A929B9E191000F46AF /* Build configuration list for PBXProject "Algorithm" */ = {
			isa = XCConfigurationList;
			buildConfigurations = (
				30C908B329B9E191000F46AF /* Debug */,
				30C908B429B9E191000F46AF /* Release */,
			);
			defaultConfigurationIsVisible = 0;
			defaultConfigurationName = Release;
		};
		30C908B529B9E191000F46AF /* Build configuration list for PBXNativeTarget "Algorithm" */ = {
			isa = XCConfigurationList;
			buildConfigurations = (
				30C908B629B9E191000F46AF /* Debug */,
				30C908B729B9E191000F46AF /* Release */,
			);
			defaultConfigurationIsVisible = 0;
			defaultConfigurationName = Release;
		};
/* End XCConfigurationList section */
	};
	rootObject = 30C908A629B9E191000F46AF /* Project object */;
}
