// !$*UTF8*$!
{
	archiveVersion = 1;
	classes = {
	};
	objectVersion = 56;
	objects = {

/* Begin PBXBuildFile section */
		30C908B229B9E191000F46AF /* main.swift in Sources */ = {isa = PBXBuildFile; fileRef = 30C908B129B9E191000F46AF /* main.swift */; };
		30C908BA29BA0135000F46AF /* ArraySort.swift in Sources */ = {isa = PBXBuildFile; fileRef = 30C908B929BA0135000F46AF /* ArraySort.swift */; };
		30C908BC29BA0166000F46AF /* BublleSort.swift in Sources */ = {isa = PBXBuildFile; fileRef = 30C908BB29BA0166000F46AF /* BublleSort.swift */; };
		30C908C029BA0836000F46AF /* SortTest.swift in Sources */ = {isa = PBXBuildFile; fileRef = 30C908BF29BA0836000F46AF /* SortTest.swift */; };
		30C908C229BA243C000F46AF /* SelectionSort.swift in Sources */ = {isa = PBXBuildFile; fileRef = 30C908C129BA243C000F46AF /* SelectionSort.swift */; };
		30C908C429BA26DA000F46AF /* InsertionSort.swift in Sources */ = {isa = PBXBuildFile; fileRef = 30C908C329BA26DA000F46AF /* InsertionSort.swift */; };
		30C908C629BA2922000F46AF /* MergeSort.swift in Sources */ = {isa = PBXBuildFile; fileRef = 30C908C529BA2922000F46AF /* MergeSort.swift */; };
		30C908C829BB0FED000F46AF /* HeapSort.swift in Sources */ = {isa = PBXBuildFile; fileRef = 30C908C729BB0FED000F46AF /* HeapSort.swift */; };
		30C908CB29BB1982000F46AF /* LeetCode.swift in Sources */ = {isa = PBXBuildFile; fileRef = 30C908CA29BB1982000F46AF /* LeetCode.swift */; };
		30C908CD29BB1A0A000F46AF /* LC_88_合并两个有序数组.swift in Sources */ = {isa = PBXBuildFile; fileRef = 30C908CC29BB1A0A000F46AF /* LC_88_合并两个有序数组.swift */; };
		30C908CF29BB1B03000F46AF /* LeetCodeTest.swift in Sources */ = {isa = PBXBuildFile; fileRef = 30C908CE29BB1B03000F46AF /* LeetCodeTest.swift */; };
		30C908D129BB1F48000F46AF /* ListNode.swift in Sources */ = {isa = PBXBuildFile; fileRef = 30C908D029BB1F48000F46AF /* ListNode.swift */; };
		30C908D329BB1FCE000F46AF /* LC_21_合并两个有序链表.swift in Sources */ = {isa = PBXBuildFile; fileRef = 30C908D229BB1FCE000F46AF /* LC_21_合并两个有序链表.swift */; };
		30C908D529BB2277000F46AF /* LC_23_合并K个升序链表.swift in Sources */ = {isa = PBXBuildFile; fileRef = 30C908D429BB2277000F46AF /* LC_23_合并K个升序链表.swift */; };
		30C908D929BB30D6000F46AF /* QuickSort.swift in Sources */ = {isa = PBXBuildFile; fileRef = 30C908D829BB30D6000F46AF /* QuickSort.swift */; };
		30C908DB29BB3E42000F46AF /* ShellSort.swift in Sources */ = {isa = PBXBuildFile; fileRef = 30C908DA29BB3E42000F46AF /* ShellSort.swift */; };
		30C908DD29BB3E7D000F46AF /* CountSort.swift in Sources */ = {isa = PBXBuildFile; fileRef = 30C908DC29BB3E7D000F46AF /* CountSort.swift */; };
		30C908DF29BB7738000F46AF /* RadixSort.swift in Sources */ = {isa = PBXBuildFile; fileRef = 30C908DE29BB7738000F46AF /* RadixSort.swift */; };
		30C908E129BB7ABA000F46AF /* BucketSort.swift in Sources */ = {isa = PBXBuildFile; fileRef = 30C908E029BB7ABA000F46AF /* BucketSort.swift */; };
		30C908E429BB7D98000F46AF /* RS_斐波那契数列.swift in Sources */ = {isa = PBXBuildFile; fileRef = 30C908E329BB7D98000F46AF /* RS_斐波那契数列.swift */; };
		30C908E629BB7E83000F46AF /* RS_汉诺塔.swift in Sources */ = {isa = PBXBuildFile; fileRef = 30C908E529BB7E83000F46AF /* RS_汉诺塔.swift */; };
		30C908E929BB7FBA000F46AF /* Queens.swift in Sources */ = {isa = PBXBuildFile; fileRef = 30C908E829BB7FBA000F46AF /* Queens.swift */; };
		30C908EB29BB8497000F46AF /* LC_46_全排列.swift in Sources */ = {isa = PBXBuildFile; fileRef = 30C908EA29BB8497000F46AF /* LC_46_全排列.swift */; };
		30C908ED29BB8572000F46AF /* LC_47_全排列2.swift in Sources */ = {isa = PBXBuildFile; fileRef = 30C908EC29BB8572000F46AF /* LC_47_全排列2.swift */; };
		30C908EF29BB861E000F46AF /* LC_39_组合总和.swift in Sources */ = {isa = PBXBuildFile; fileRef = 30C908EE29BB861E000F46AF /* LC_39_组合总和.swift */; };
		30C908F129BB8685000F46AF /* LC_40_组合总和 II.swift in Sources */ = {isa = PBXBuildFile; fileRef = 30C908F029BB8685000F46AF /* LC_40_组合总和 II.swift */; };
		30C908F329BB8790000F46AF /* LC_78_子集.swift in Sources */ = {isa = PBXBuildFile; fileRef = 30C908F229BB8790000F46AF /* LC_78_子集.swift */; };
		30C908F529BB87F2000F46AF /* LC_90_子集2.swift in Sources */ = {isa = PBXBuildFile; fileRef = 30C908F429BB87F2000F46AF /* LC_90_子集2.swift */; };
		30C908F829BB8898000F46AF /* Knapsack.swift in Sources */ = {isa = PBXBuildFile; fileRef = 30C908F729BB8898000F46AF /* Knapsack.swift */; };
		30C908FA29BB891C000F46AF /* LC_455_分发饼干.swift in Sources */ = {isa = PBXBuildFile; fileRef = 30C908F929BB891C000F46AF /* LC_455_分发饼干.swift */; };
		30C908FC29BB896A000F46AF /* LC_452_用最少数量的箭引爆气球.swift in Sources */ = {isa = PBXBuildFile; fileRef = 30C908FB29BB896A000F46AF /* LC_452_用最少数量的箭引爆气球.swift */; };
		30C908FE29BB8A37000F46AF /* LC_122_买卖股票的最佳时机 II.swift in Sources */ = {isa = PBXBuildFile; fileRef = 30C908FD29BB8A37000F46AF /* LC_122_买卖股票的最佳时机 II.swift */; };
		30C9090029BB8ACC000F46AF /* LC_605_种花问题.swift in Sources */ = {isa = PBXBuildFile; fileRef = 30C908FF29BB8ACC000F46AF /* LC_605_种花问题.swift */; };
		30C9090229BB8B6F000F46AF /* LC_135_分发糖果.swift in Sources */ = {isa = PBXBuildFile; fileRef = 30C9090129BB8B6F000F46AF /* LC_135_分发糖果.swift */; };
		30C9090529BB8BBF000F46AF /* MaxSubArray.swift in Sources */ = {isa = PBXBuildFile; fileRef = 30C9090429BB8BBF000F46AF /* MaxSubArray.swift */; };
		30C9090829BB8C2B000F46AF /* DynamicProgramming.swift in Sources */ = {isa = PBXBuildFile; fileRef = 30C9090729BB8C2B000F46AF /* DynamicProgramming.swift */; };
		30C9090A29BB8C7B000F46AF /* MaxSubArray2.swift in Sources */ = {isa = PBXBuildFile; fileRef = 30C9090929BB8C7B000F46AF /* MaxSubArray2.swift */; };
		30C9090C29BB8CBC000F46AF /* LC_300_最长上升子序列.swift in Sources */ = {isa = PBXBuildFile; fileRef = 30C9090B29BB8CBC000F46AF /* LC_300_最长上升子序列.swift */; };
		30C9090E29BB8D08000F46AF /* LC_1143_最长公共子序列.swift in Sources */ = {isa = PBXBuildFile; fileRef = 30C9090D29BB8D08000F46AF /* LC_1143_最长公共子序列.swift */; };
		30C9091029BB8DA6000F46AF /* LC_75_颜色分类.swift in Sources */ = {isa = PBXBuildFile; fileRef = 30C9090F29BB8DA6000F46AF /* LC_75_颜色分类.swift */; };
		30C9091229BB8E2D000F46AF /* LC_16.16_部分排序.swift in Sources */ = {isa = PBXBuildFile; fileRef = 30C9091129BB8E2D000F46AF /* LC_16.16_部分排序.swift */; };
		30C9091429BB8E95000F46AF /* LC_164_最大间距.swift in Sources */ = {isa = PBXBuildFile; fileRef = 30C9091329BB8E95000F46AF /* LC_164_最大间距.swift */; };
		30C9091629BB8F0B000F46AF /* LC_977_有序数组的平方.swift in Sources */ = {isa = PBXBuildFile; fileRef = 30C9091529BB8F0B000F46AF /* LC_977_有序数组的平方.swift */; };
		30C9091829BBFEAF000F46AF /* LC_237_删除链表中的节点.swift in Sources */ = {isa = PBXBuildFile; fileRef = 30C9091729BBFEAF000F46AF /* LC_237_删除链表中的节点.swift */; };
		30C9091A29BBFEFE000F46AF /* LC_141_环形链表.swift in Sources */ = {isa = PBXBuildFile; fileRef = 30C9091929BBFEFE000F46AF /* LC_141_环形链表.swift */; };
		30C9091C29BBFF5F000F46AF /* LC_206_反转链表.swift in Sources */ = {isa = PBXBuildFile; fileRef = 30C9091B29BBFF5F000F46AF /* LC_206_反转链表.swift */; };
		30C9091E29BC0009000F46AF /* LC_155_最小栈.swift in Sources */ = {isa = PBXBuildFile; fileRef = 30C9091D29BC0009000F46AF /* LC_155_最小栈.swift */; };
		30C9092029BC0081000F46AF /* LC_239_滑动窗口最大值.swift in Sources */ = {isa = PBXBuildFile; fileRef = 30C9091F29BC0081000F46AF /* LC_239_滑动窗口最大值.swift */; };
		30C9092229BC00F9000F46AF /* LC_654_最大二叉树.swift in Sources */ = {isa = PBXBuildFile; fileRef = 30C9092129BC00F9000F46AF /* LC_654_最大二叉树.swift */; };
		30C9092429BC01BE000F46AF /* TreeNode.swift in Sources */ = {isa = PBXBuildFile; fileRef = 30C9092329BC01BE000F46AF /* TreeNode.swift */; };
		30C9092629BC029D000F46AF /* LC_739_每日温度.swift in Sources */ = {isa = PBXBuildFile; fileRef = 30C9092529BC029D000F46AF /* LC_739_每日温度.swift */; };
		30C9092829BC0305000F46AF /* LC_42_接雨水.swift in Sources */ = {isa = PBXBuildFile; fileRef = 30C9092729BC0305000F46AF /* LC_42_接雨水.swift */; };
		30C9092A29BC0364000F46AF /* LC_20_有效的括号.swift in Sources */ = {isa = PBXBuildFile; fileRef = 30C9092929BC0364000F46AF /* LC_20_有效的括号.swift */; };
		30C9092C29BC03EA000F46AF /* LC_232_用栈实现队列.swift in Sources */ = {isa = PBXBuildFile; fileRef = 30C9092B29BC03EA000F46AF /* LC_232_用栈实现队列.swift */; };
		30C9092E29BC05C3000F46AF /* LC_01.09_字符串轮转.swift in Sources */ = {isa = PBXBuildFile; fileRef = 30C9092D29BC05C3000F46AF /* LC_01.09_字符串轮转.swift */; };
		30C9093029BC062A000F46AF /* LC_572_另一棵树的子树.swift in Sources */ = {isa = PBXBuildFile; fileRef = 30C9092F29BC062A000F46AF /* LC_572_另一棵树的子树.swift */; };
		30C9093229BC073F000F46AF /* LC_242_有效的字母异位词.swift in Sources */ = {isa = PBXBuildFile; fileRef = 30C9093129BC073F000F46AF /* LC_242_有效的字母异位词.swift */; };
		30C9093429BC07BB000F46AF /* LC_151_反转字符串中的单词.swift in Sources */ = {isa = PBXBuildFile; fileRef = 30C9093329BC07BB000F46AF /* LC_151_反转字符串中的单词.swift */; };
		30C9093629BC0811000F46AF /* LC_3_无重复字符的最长子串.swift in Sources */ = {isa = PBXBuildFile; fileRef = 30C9093529BC0811000F46AF /* LC_3_无重复字符的最长子串.swift */; };
		30C9093829BC086D000F46AF /* LC_5_最长回文子串.swift in Sources */ = {isa = PBXBuildFile; fileRef = 30C9093729BC086D000F46AF /* LC_5_最长回文子串.swift */; };
		30C9093A29BC08B7000F46AF /* LC_72_编辑距离.swift in Sources */ = {isa = PBXBuildFile; fileRef = 30C9093929BC08B7000F46AF /* LC_72_编辑距离.swift */; };
		30C9093C29BC0987000F46AF /* LC_32_最长有效括号.swift in Sources */ = {isa = PBXBuildFile; fileRef = 30C9093B29BC0987000F46AF /* LC_32_最长有效括号.swift */; };
		30C9093E29BC09C6000F46AF /* LC_1048_最长字符串链.swift in Sources */ = {isa = PBXBuildFile; fileRef = 30C9093D29BC09C6000F46AF /* LC_1048_最长字符串链.swift */; };
		30C9094029BC0A32000F46AF /* OF_47_礼物的最大价值.swift in Sources */ = {isa = PBXBuildFile; fileRef = 30C9093F29BC0A32000F46AF /* OF_47_礼物的最大价值.swift */; };
		30C9094229BC0DD6000F46AF /* LC_64_最小路径和.swift in Sources */ = {isa = PBXBuildFile; fileRef = 30C9094129BC0DD6000F46AF /* LC_64_最小路径和.swift */; };
		30C9094429BC0E20000F46AF /* LC_62_不同路径.swift in Sources */ = {isa = PBXBuildFile; fileRef = 30C9094329BC0E20000F46AF /* LC_62_不同路径.swift */; };
		30C9094629BC0E8F000F46AF /* LC_121_买卖股票的最佳时机.swift in Sources */ = {isa = PBXBuildFile; fileRef = 30C9094529BC0E8F000F46AF /* LC_121_买卖股票的最佳时机.swift */; };
		30C9094829BC0EEE000F46AF /* OF_63_股票的最大利润.swift in Sources */ = {isa = PBXBuildFile; fileRef = 30C9094729BC0EEE000F46AF /* OF_63_股票的最大利润.swift */; };
		30C9094A29BC0F84000F46AF /* LC_70_爬楼梯.swift in Sources */ = {isa = PBXBuildFile; fileRef = 30C9094929BC0F84000F46AF /* LC_70_爬楼梯.swift */; };
		30C9094C29BC0FC4000F46AF /* LC_198_打家劫舍.swift in Sources */ = {isa = PBXBuildFile; fileRef = 30C9094B29BC0FC4000F46AF /* LC_198_打家劫舍.swift */; };
		30C9094E29BC1017000F46AF /* LC_213_打家劫舍 II.swift in Sources */ = {isa = PBXBuildFile; fileRef = 30C9094D29BC1017000F46AF /* LC_213_打家劫舍 II.swift */; };
		30C9095029BC107F000F46AF /* LC_674_最长连续递增序列.swift in Sources */ = {isa = PBXBuildFile; fileRef = 30C9094F29BC107F000F46AF /* LC_674_最长连续递增序列.swift */; };
		30C9095229BC10CE000F46AF /* LC_63_不同路径 II.swift in Sources */ = {isa = PBXBuildFile; fileRef = 30C9095129BC10CE000F46AF /* LC_63_不同路径 II.swift */; };
		30C9095429BC112F000F46AF /* LC_123_买卖股票的最佳时机 III.swift in Sources */ = {isa = PBXBuildFile; fileRef = 30C9095329BC112F000F46AF /* LC_123_买卖股票的最佳时机 III.swift */; };
		30C9095629BC118F000F46AF /* LC_188_买卖股票的最佳时机 IV.swift in Sources */ = {isa = PBXBuildFile; fileRef = 30C9095529BC118F000F46AF /* LC_188_买卖股票的最佳时机 IV.swift */; };
		30C9095829BC11CD000F46AF /* LC_714_买卖股票的最佳时机含手续费.swift in Sources */ = {isa = PBXBuildFile; fileRef = 30C9095729BC11CD000F46AF /* LC_714_买卖股票的最佳时机含手续费.swift */; };
		30C9095A29BC1222000F46AF /* LC_673_最长递增子序列的个数.swift in Sources */ = {isa = PBXBuildFile; fileRef = 30C9095929BC1222000F46AF /* LC_673_最长递增子序列的个数.swift */; };
		30C9095C29BC1282000F46AF /* LC_1235_规划兼职工作.swift in Sources */ = {isa = PBXBuildFile; fileRef = 30C9095B29BC1282000F46AF /* LC_1235_规划兼职工作.swift */; };
		30C9095E29BC12C8000F46AF /* LC_943_最短超级串.swift in Sources */ = {isa = PBXBuildFile; fileRef = 30C9095D29BC12C8000F46AF /* LC_943_最短超级串.swift */; };
		30C9096029BC1303000F46AF /* LC_516_最长回文子序列.swift in Sources */ = {isa = PBXBuildFile; fileRef = 30C9095F29BC1303000F46AF /* LC_516_最长回文子序列.swift */; };
		30C9096229BC137A000F46AF /* LC_376_摆动序列.swift in Sources */ = {isa = PBXBuildFile; fileRef = 30C9096129BC137A000F46AF /* LC_376_摆动序列.swift */; };
		30C9096429BC13E5000F46AF /* LC_236_二叉树的最近公共祖先.swift in Sources */ = {isa = PBXBuildFile; fileRef = 30C9096329BC13E5000F46AF /* LC_236_二叉树的最近公共祖先.swift */; };
		30C9096629BC1455000F46AF /* LC_99_ 恢复二叉搜索树.swift in Sources */ = {isa = PBXBuildFile; fileRef = 30C9096529BC1455000F46AF /* LC_99_ 恢复二叉搜索树.swift */; };
		30C9096829BCB0C5000F46AF /* LC_94_二叉树的中序遍历.swift in Sources */ = {isa = PBXBuildFile; fileRef = 30C9096729BCB0C5000F46AF /* LC_94_二叉树的中序遍历.swift */; };
		30C9096A29BCB369000F46AF /* LC_98_验证二叉搜索树.swift in Sources */ = {isa = PBXBuildFile; fileRef = 30C9096929BCB369000F46AF /* LC_98_验证二叉搜索树.swift */; };
		30C9096C29BCB5FC000F46AF /* LC_230_二叉搜索树中第K小的元素.swift in Sources */ = {isa = PBXBuildFile; fileRef = 30C9096B29BCB5FC000F46AF /* LC_230_二叉搜索树中第K小的元素.swift */; };
		30C9096E29BCB657000F46AF /* LC_101_对称二叉树.swift in Sources */ = {isa = PBXBuildFile; fileRef = 30C9096D29BCB657000F46AF /* LC_101_对称二叉树.swift */; };
		30C9097029BCB6DF000F46AF /* LC_108_将有序数组转换为二叉搜索树.swift in Sources */ = {isa = PBXBuildFile; fileRef = 30C9096F29BCB6DF000F46AF /* LC_108_将有序数组转换为二叉搜索树.swift */; };
/* End PBXBuildFile section */

/* Begin PBXCopyFilesBuildPhase section */
		30C908AC29B9E191000F46AF /* CopyFiles */ = {
			isa = PBXCopyFilesBuildPhase;
			buildActionMask = 2147483647;
			dstPath = /usr/share/man/man1/;
			dstSubfolderSpec = 0;
			files = (
			);
			runOnlyForDeploymentPostprocessing = 1;
		};
/* End PBXCopyFilesBuildPhase section */

/* Begin PBXFileReference section */
		30C908AE29B9E191000F46AF /* Algorithm */ = {isa = PBXFileReference; explicitFileType = "compiled.mach-o.executable"; includeInIndex = 0; path = Algorithm; sourceTree = BUILT_PRODUCTS_DIR; };
		30C908B129B9E191000F46AF /* main.swift */ = {isa = PBXFileReference; lastKnownFileType = sourcecode.swift; path = main.swift; sourceTree = "<group>"; };
		30C908B929BA0135000F46AF /* ArraySort.swift */ = {isa = PBXFileReference; lastKnownFileType = sourcecode.swift; path = ArraySort.swift; sourceTree = "<group>"; };
		30C908BB29BA0166000F46AF /* BublleSort.swift */ = {isa = PBXFileReference; lastKnownFileType = sourcecode.swift; path = BublleSort.swift; sourceTree = "<group>"; };
		30C908BF29BA0836000F46AF /* SortTest.swift */ = {isa = PBXFileReference; lastKnownFileType = sourcecode.swift; path = SortTest.swift; sourceTree = "<group>"; };
		30C908C129BA243C000F46AF /* SelectionSort.swift */ = {isa = PBXFileReference; lastKnownFileType = sourcecode.swift; path = SelectionSort.swift; sourceTree = "<group>"; };
		30C908C329BA26DA000F46AF /* InsertionSort.swift */ = {isa = PBXFileReference; lastKnownFileType = sourcecode.swift; path = InsertionSort.swift; sourceTree = "<group>"; };
		30C908C529BA2922000F46AF /* MergeSort.swift */ = {isa = PBXFileReference; lastKnownFileType = sourcecode.swift; path = MergeSort.swift; sourceTree = "<group>"; };
		30C908C729BB0FED000F46AF /* HeapSort.swift */ = {isa = PBXFileReference; lastKnownFileType = sourcecode.swift; path = HeapSort.swift; sourceTree = "<group>"; };
		30C908CA29BB1982000F46AF /* LeetCode.swift */ = {isa = PBXFileReference; lastKnownFileType = sourcecode.swift; path = LeetCode.swift; sourceTree = "<group>"; };
		30C908CC29BB1A0A000F46AF /* LC_88_合并两个有序数组.swift */ = {isa = PBXFileReference; lastKnownFileType = sourcecode.swift; path = "LC_88_合并两个有序数组.swift"; sourceTree = "<group>"; };
		30C908CE29BB1B03000F46AF /* LeetCodeTest.swift */ = {isa = PBXFileReference; lastKnownFileType = sourcecode.swift; path = LeetCodeTest.swift; sourceTree = "<group>"; };
		30C908D029BB1F48000F46AF /* ListNode.swift */ = {isa = PBXFileReference; lastKnownFileType = sourcecode.swift; path = ListNode.swift; sourceTree = "<group>"; };
		30C908D229BB1FCE000F46AF /* LC_21_合并两个有序链表.swift */ = {isa = PBXFileReference; lastKnownFileType = sourcecode.swift; path = "LC_21_合并两个有序链表.swift"; sourceTree = "<group>"; };
		30C908D429BB2277000F46AF /* LC_23_合并K个升序链表.swift */ = {isa = PBXFileReference; lastKnownFileType = sourcecode.swift; path = "LC_23_合并K个升序链表.swift"; sourceTree = "<group>"; };
		30C908D829BB30D6000F46AF /* QuickSort.swift */ = {isa = PBXFileReference; lastKnownFileType = sourcecode.swift; path = QuickSort.swift; sourceTree = "<group>"; };
		30C908DA29BB3E42000F46AF /* ShellSort.swift */ = {isa = PBXFileReference; lastKnownFileType = sourcecode.swift; path = ShellSort.swift; sourceTree = "<group>"; };
		30C908DC29BB3E7D000F46AF /* CountSort.swift */ = {isa = PBXFileReference; lastKnownFileType = sourcecode.swift; path = CountSort.swift; sourceTree = "<group>"; };
		30C908DE29BB7738000F46AF /* RadixSort.swift */ = {isa = PBXFileReference; lastKnownFileType = sourcecode.swift; path = RadixSort.swift; sourceTree = "<group>"; };
		30C908E029BB7ABA000F46AF /* BucketSort.swift */ = {isa = PBXFileReference; lastKnownFileType = sourcecode.swift; path = BucketSort.swift; sourceTree = "<group>"; };
		30C908E329BB7D98000F46AF /* RS_斐波那契数列.swift */ = {isa = PBXFileReference; lastKnownFileType = sourcecode.swift; path = "RS_斐波那契数列.swift"; sourceTree = "<group>"; };
		30C908E529BB7E83000F46AF /* RS_汉诺塔.swift */ = {isa = PBXFileReference; lastKnownFileType = sourcecode.swift; path = "RS_汉诺塔.swift"; sourceTree = "<group>"; };
		30C908E829BB7FBA000F46AF /* Queens.swift */ = {isa = PBXFileReference; lastKnownFileType = sourcecode.swift; path = Queens.swift; sourceTree = "<group>"; };
		30C908EA29BB8497000F46AF /* LC_46_全排列.swift */ = {isa = PBXFileReference; lastKnownFileType = sourcecode.swift; path = "LC_46_全排列.swift"; sourceTree = "<group>"; };
		30C908EC29BB8572000F46AF /* LC_47_全排列2.swift */ = {isa = PBXFileReference; lastKnownFileType = sourcecode.swift; path = "LC_47_全排列2.swift"; sourceTree = "<group>"; };
		30C908EE29BB861E000F46AF /* LC_39_组合总和.swift */ = {isa = PBXFileReference; lastKnownFileType = sourcecode.swift; path = "LC_39_组合总和.swift"; sourceTree = "<group>"; };
		30C908F029BB8685000F46AF /* LC_40_组合总和 II.swift */ = {isa = PBXFileReference; lastKnownFileType = sourcecode.swift; path = "LC_40_组合总和 II.swift"; sourceTree = "<group>"; };
		30C908F229BB8790000F46AF /* LC_78_子集.swift */ = {isa = PBXFileReference; lastKnownFileType = sourcecode.swift; path = "LC_78_子集.swift"; sourceTree = "<group>"; };
		30C908F429BB87F2000F46AF /* LC_90_子集2.swift */ = {isa = PBXFileReference; lastKnownFileType = sourcecode.swift; path = "LC_90_子集2.swift"; sourceTree = "<group>"; };
		30C908F729BB8898000F46AF /* Knapsack.swift */ = {isa = PBXFileReference; lastKnownFileType = sourcecode.swift; path = Knapsack.swift; sourceTree = "<group>"; };
		30C908F929BB891C000F46AF /* LC_455_分发饼干.swift */ = {isa = PBXFileReference; lastKnownFileType = sourcecode.swift; path = "LC_455_分发饼干.swift"; sourceTree = "<group>"; };
		30C908FB29BB896A000F46AF /* LC_452_用最少数量的箭引爆气球.swift */ = {isa = PBXFileReference; lastKnownFileType = sourcecode.swift; path = "LC_452_用最少数量的箭引爆气球.swift"; sourceTree = "<group>"; };
		30C908FD29BB8A37000F46AF /* LC_122_买卖股票的最佳时机 II.swift */ = {isa = PBXFileReference; lastKnownFileType = sourcecode.swift; path = "LC_122_买卖股票的最佳时机 II.swift"; sourceTree = "<group>"; };
		30C908FF29BB8ACC000F46AF /* LC_605_种花问题.swift */ = {isa = PBXFileReference; lastKnownFileType = sourcecode.swift; path = "LC_605_种花问题.swift"; sourceTree = "<group>"; };
		30C9090129BB8B6F000F46AF /* LC_135_分发糖果.swift */ = {isa = PBXFileReference; lastKnownFileType = sourcecode.swift; path = "LC_135_分发糖果.swift"; sourceTree = "<group>"; };
		30C9090429BB8BBF000F46AF /* MaxSubArray.swift */ = {isa = PBXFileReference; lastKnownFileType = sourcecode.swift; path = MaxSubArray.swift; sourceTree = "<group>"; };
		30C9090729BB8C2B000F46AF /* DynamicProgramming.swift */ = {isa = PBXFileReference; lastKnownFileType = sourcecode.swift; path = DynamicProgramming.swift; sourceTree = "<group>"; };
		30C9090929BB8C7B000F46AF /* MaxSubArray2.swift */ = {isa = PBXFileReference; lastKnownFileType = sourcecode.swift; path = MaxSubArray2.swift; sourceTree = "<group>"; };
		30C9090B29BB8CBC000F46AF /* LC_300_最长上升子序列.swift */ = {isa = PBXFileReference; lastKnownFileType = sourcecode.swift; path = "LC_300_最长上升子序列.swift"; sourceTree = "<group>"; };
		30C9090D29BB8D08000F46AF /* LC_1143_最长公共子序列.swift */ = {isa = PBXFileReference; lastKnownFileType = sourcecode.swift; path = "LC_1143_最长公共子序列.swift"; sourceTree = "<group>"; };
		30C9090F29BB8DA6000F46AF /* LC_75_颜色分类.swift */ = {isa = PBXFileReference; lastKnownFileType = sourcecode.swift; path = "LC_75_颜色分类.swift"; sourceTree = "<group>"; };
		30C9091129BB8E2D000F46AF /* LC_16.16_部分排序.swift */ = {isa = PBXFileReference; lastKnownFileType = sourcecode.swift; path = "LC_16.16_部分排序.swift"; sourceTree = "<group>"; };
		30C9091329BB8E95000F46AF /* LC_164_最大间距.swift */ = {isa = PBXFileReference; lastKnownFileType = sourcecode.swift; path = "LC_164_最大间距.swift"; sourceTree = "<group>"; };
		30C9091529BB8F0B000F46AF /* LC_977_有序数组的平方.swift */ = {isa = PBXFileReference; lastKnownFileType = sourcecode.swift; path = "LC_977_有序数组的平方.swift"; sourceTree = "<group>"; };
		30C9091729BBFEAF000F46AF /* LC_237_删除链表中的节点.swift */ = {isa = PBXFileReference; lastKnownFileType = sourcecode.swift; path = "LC_237_删除链表中的节点.swift"; sourceTree = "<group>"; };
		30C9091929BBFEFE000F46AF /* LC_141_环形链表.swift */ = {isa = PBXFileReference; lastKnownFileType = sourcecode.swift; path = "LC_141_环形链表.swift"; sourceTree = "<group>"; };
		30C9091B29BBFF5F000F46AF /* LC_206_反转链表.swift */ = {isa = PBXFileReference; lastKnownFileType = sourcecode.swift; path = "LC_206_反转链表.swift"; sourceTree = "<group>"; };
		30C9091D29BC0009000F46AF /* LC_155_最小栈.swift */ = {isa = PBXFileReference; lastKnownFileType = sourcecode.swift; path = "LC_155_最小栈.swift"; sourceTree = "<group>"; };
		30C9091F29BC0081000F46AF /* LC_239_滑动窗口最大值.swift */ = {isa = PBXFileReference; lastKnownFileType = sourcecode.swift; path = "LC_239_滑动窗口最大值.swift"; sourceTree = "<group>"; };
		30C9092129BC00F9000F46AF /* LC_654_最大二叉树.swift */ = {isa = PBXFileReference; lastKnownFileType = sourcecode.swift; path = "LC_654_最大二叉树.swift"; sourceTree = "<group>"; };
		30C9092329BC01BE000F46AF /* TreeNode.swift */ = {isa = PBXFileReference; lastKnownFileType = sourcecode.swift; path = TreeNode.swift; sourceTree = "<group>"; };
		30C9092529BC029D000F46AF /* LC_739_每日温度.swift */ = {isa = PBXFileReference; lastKnownFileType = sourcecode.swift; path = "LC_739_每日温度.swift"; sourceTree = "<group>"; };
		30C9092729BC0305000F46AF /* LC_42_接雨水.swift */ = {isa = PBXFileReference; lastKnownFileType = sourcecode.swift; path = "LC_42_接雨水.swift"; sourceTree = "<group>"; };
		30C9092929BC0364000F46AF /* LC_20_有效的括号.swift */ = {isa = PBXFileReference; lastKnownFileType = sourcecode.swift; path = "LC_20_有效的括号.swift"; sourceTree = "<group>"; };
		30C9092B29BC03EA000F46AF /* LC_232_用栈实现队列.swift */ = {isa = PBXFileReference; lastKnownFileType = sourcecode.swift; path = "LC_232_用栈实现队列.swift"; sourceTree = "<group>"; };
		30C9092D29BC05C3000F46AF /* LC_01.09_字符串轮转.swift */ = {isa = PBXFileReference; lastKnownFileType = sourcecode.swift; path = "LC_01.09_字符串轮转.swift"; sourceTree = "<group>"; };
		30C9092F29BC062A000F46AF /* LC_572_另一棵树的子树.swift */ = {isa = PBXFileReference; lastKnownFileType = sourcecode.swift; path = "LC_572_另一棵树的子树.swift"; sourceTree = "<group>"; };
		30C9093129BC073F000F46AF /* LC_242_有效的字母异位词.swift */ = {isa = PBXFileReference; lastKnownFileType = sourcecode.swift; path = "LC_242_有效的字母异位词.swift"; sourceTree = "<group>"; };
		30C9093329BC07BB000F46AF /* LC_151_反转字符串中的单词.swift */ = {isa = PBXFileReference; lastKnownFileType = sourcecode.swift; path = "LC_151_反转字符串中的单词.swift"; sourceTree = "<group>"; };
		30C9093529BC0811000F46AF /* LC_3_无重复字符的最长子串.swift */ = {isa = PBXFileReference; lastKnownFileType = sourcecode.swift; path = "LC_3_无重复字符的最长子串.swift"; sourceTree = "<group>"; };
		30C9093729BC086D000F46AF /* LC_5_最长回文子串.swift */ = {isa = PBXFileReference; lastKnownFileType = sourcecode.swift; path = "LC_5_最长回文子串.swift"; sourceTree = "<group>"; };
		30C9093929BC08B7000F46AF /* LC_72_编辑距离.swift */ = {isa = PBXFileReference; lastKnownFileType = sourcecode.swift; path = "LC_72_编辑距离.swift"; sourceTree = "<group>"; };
		30C9093B29BC0987000F46AF /* LC_32_最长有效括号.swift */ = {isa = PBXFileReference; lastKnownFileType = sourcecode.swift; path = "LC_32_最长有效括号.swift"; sourceTree = "<group>"; };
		30C9093D29BC09C6000F46AF /* LC_1048_最长字符串链.swift */ = {isa = PBXFileReference; lastKnownFileType = sourcecode.swift; path = "LC_1048_最长字符串链.swift"; sourceTree = "<group>"; };
		30C9093F29BC0A32000F46AF /* OF_47_礼物的最大价值.swift */ = {isa = PBXFileReference; lastKnownFileType = sourcecode.swift; path = "OF_47_礼物的最大价值.swift"; sourceTree = "<group>"; };
		30C9094129BC0DD6000F46AF /* LC_64_最小路径和.swift */ = {isa = PBXFileReference; lastKnownFileType = sourcecode.swift; path = "LC_64_最小路径和.swift"; sourceTree = "<group>"; };
		30C9094329BC0E20000F46AF /* LC_62_不同路径.swift */ = {isa = PBXFileReference; lastKnownFileType = sourcecode.swift; path = "LC_62_不同路径.swift"; sourceTree = "<group>"; };
		30C9094529BC0E8F000F46AF /* LC_121_买卖股票的最佳时机.swift */ = {isa = PBXFileReference; lastKnownFileType = sourcecode.swift; path = "LC_121_买卖股票的最佳时机.swift"; sourceTree = "<group>"; };
		30C9094729BC0EEE000F46AF /* OF_63_股票的最大利润.swift */ = {isa = PBXFileReference; lastKnownFileType = sourcecode.swift; path = "OF_63_股票的最大利润.swift"; sourceTree = "<group>"; };
		30C9094929BC0F84000F46AF /* LC_70_爬楼梯.swift */ = {isa = PBXFileReference; lastKnownFileType = sourcecode.swift; path = "LC_70_爬楼梯.swift"; sourceTree = "<group>"; };
		30C9094B29BC0FC4000F46AF /* LC_198_打家劫舍.swift */ = {isa = PBXFileReference; lastKnownFileType = sourcecode.swift; path = "LC_198_打家劫舍.swift"; sourceTree = "<group>"; };
		30C9094D29BC1017000F46AF /* LC_213_打家劫舍 II.swift */ = {isa = PBXFileReference; lastKnownFileType = sourcecode.swift; path = "LC_213_打家劫舍 II.swift"; sourceTree = "<group>"; };
		30C9094F29BC107F000F46AF /* LC_674_最长连续递增序列.swift */ = {isa = PBXFileReference; lastKnownFileType = sourcecode.swift; path = "LC_674_最长连续递增序列.swift"; sourceTree = "<group>"; };
		30C9095129BC10CE000F46AF /* LC_63_不同路径 II.swift */ = {isa = PBXFileReference; lastKnownFileType = sourcecode.swift; path = "LC_63_不同路径 II.swift"; sourceTree = "<group>"; };
		30C9095329BC112F000F46AF /* LC_123_买卖股票的最佳时机 III.swift */ = {isa = PBXFileReference; lastKnownFileType = sourcecode.swift; path = "LC_123_买卖股票的最佳时机 III.swift"; sourceTree = "<group>"; };
		30C9095529BC118F000F46AF /* LC_188_买卖股票的最佳时机 IV.swift */ = {isa = PBXFileReference; lastKnownFileType = sourcecode.swift; path = "LC_188_买卖股票的最佳时机 IV.swift"; sourceTree = "<group>"; };
		30C9095729BC11CD000F46AF /* LC_714_买卖股票的最佳时机含手续费.swift */ = {isa = PBXFileReference; lastKnownFileType = sourcecode.swift; path = "LC_714_买卖股票的最佳时机含手续费.swift"; sourceTree = "<group>"; };
		30C9095929BC1222000F46AF /* LC_673_最长递增子序列的个数.swift */ = {isa = PBXFileReference; lastKnownFileType = sourcecode.swift; path = "LC_673_最长递增子序列的个数.swift"; sourceTree = "<group>"; };
		30C9095B29BC1282000F46AF /* LC_1235_规划兼职工作.swift */ = {isa = PBXFileReference; lastKnownFileType = sourcecode.swift; path = "LC_1235_规划兼职工作.swift"; sourceTree = "<group>"; };
		30C9095D29BC12C8000F46AF /* LC_943_最短超级串.swift */ = {isa = PBXFileReference; lastKnownFileType = sourcecode.swift; path = "LC_943_最短超级串.swift"; sourceTree = "<group>"; };
		30C9095F29BC1303000F46AF /* LC_516_最长回文子序列.swift */ = {isa = PBXFileReference; lastKnownFileType = sourcecode.swift; path = "LC_516_最长回文子序列.swift"; sourceTree = "<group>"; };
		30C9096129BC137A000F46AF /* LC_376_摆动序列.swift */ = {isa = PBXFileReference; lastKnownFileType = sourcecode.swift; path = "LC_376_摆动序列.swift"; sourceTree = "<group>"; };
		30C9096329BC13E5000F46AF /* LC_236_二叉树的最近公共祖先.swift */ = {isa = PBXFileReference; lastKnownFileType = sourcecode.swift; path = "LC_236_二叉树的最近公共祖先.swift"; sourceTree = "<group>"; };
		30C9096529BC1455000F46AF /* LC_99_ 恢复二叉搜索树.swift */ = {isa = PBXFileReference; lastKnownFileType = sourcecode.swift; path = "LC_99_ 恢复二叉搜索树.swift"; sourceTree = "<group>"; };
		30C9096729BCB0C5000F46AF /* LC_94_二叉树的中序遍历.swift */ = {isa = PBXFileReference; lastKnownFileType = sourcecode.swift; path = "LC_94_二叉树的中序遍历.swift"; sourceTree = "<group>"; };
		30C9096929BCB369000F46AF /* LC_98_验证二叉搜索树.swift */ = {isa = PBXFileReference; lastKnownFileType = sourcecode.swift; path = "LC_98_验证二叉搜索树.swift"; sourceTree = "<group>"; };
		30C9096B29BCB5FC000F46AF /* LC_230_二叉搜索树中第K小的元素.swift */ = {isa = PBXFileReference; lastKnownFileType = sourcecode.swift; path = "LC_230_二叉搜索树中第K小的元素.swift"; sourceTree = "<group>"; };
		30C9096D29BCB657000F46AF /* LC_101_对称二叉树.swift */ = {isa = PBXFileReference; lastKnownFileType = sourcecode.swift; path = "LC_101_对称二叉树.swift"; sourceTree = "<group>"; };
		30C9096F29BCB6DF000F46AF /* LC_108_将有序数组转换为二叉搜索树.swift */ = {isa = PBXFileReference; lastKnownFileType = sourcecode.swift; path = "LC_108_将有序数组转换为二叉搜索树.swift"; sourceTree = "<group>"; };
/* End PBXFileReference section */

/* Begin PBXFrameworksBuildPhase section */
		30C908AB29B9E191000F46AF /* Frameworks */ = {
			isa = PBXFrameworksBuildPhase;
			buildActionMask = 2147483647;
			files = (
			);
			runOnlyForDeploymentPostprocessing = 0;
		};
/* End PBXFrameworksBuildPhase section */

/* Begin PBXGroup section */
		30C908A529B9E191000F46AF = {
			isa = PBXGroup;
			children = (
				30C9090629BB8C16000F46AF /* DynamicProgramming动态规划 */,
				30C9090329BB8BAC000F46AF /* DivideAndConquer分治 */,
				30C908F629BB8887000F46AF /* Greedy贪心 */,
				30C908B029B9E191000F46AF /* Algorithm */,
				30C908AF29B9E191000F46AF /* Products */,
			);
			sourceTree = "<group>";
		};
		30C908AF29B9E191000F46AF /* Products */ = {
			isa = PBXGroup;
			children = (
				30C908AE29B9E191000F46AF /* Algorithm */,
			);
			name = Products;
			sourceTree = "<group>";
		};
		30C908B029B9E191000F46AF /* Algorithm */ = {
			isa = PBXGroup;
			children = (
				30C908E729BB7FA5000F46AF /* BackTracking回溯 */,
				30C908E229BB7D6D000F46AF /* Recursion递归 */,
				30C908C929BB1955000F46AF /* LeetCode */,
				30C908B829BA0101000F46AF /* Sort */,
				30C908B129B9E191000F46AF /* main.swift */,
				30C908D029BB1F48000F46AF /* ListNode.swift */,
				30C9092329BC01BE000F46AF /* TreeNode.swift */,
			);
			path = Algorithm;
			sourceTree = "<group>";
		};
		30C908B829BA0101000F46AF /* Sort */ = {
			isa = PBXGroup;
			children = (
				30C908B929BA0135000F46AF /* ArraySort.swift */,
				30C908BB29BA0166000F46AF /* BublleSort.swift */,
				30C908BF29BA0836000F46AF /* SortTest.swift */,
				30C908C129BA243C000F46AF /* SelectionSort.swift */,
				30C908C329BA26DA000F46AF /* InsertionSort.swift */,
				30C908C529BA2922000F46AF /* MergeSort.swift */,
				30C908C729BB0FED000F46AF /* HeapSort.swift */,
				30C908D829BB30D6000F46AF /* QuickSort.swift */,
				30C908DA29BB3E42000F46AF /* ShellSort.swift */,
				30C908DC29BB3E7D000F46AF /* CountSort.swift */,
				30C908DE29BB7738000F46AF /* RadixSort.swift */,
				30C908E029BB7ABA000F46AF /* BucketSort.swift */,
			);
			path = Sort;
			sourceTree = "<group>";
		};
		30C908C929BB1955000F46AF /* LeetCode */ = {
			isa = PBXGroup;
			children = (
				30C908CE29BB1B03000F46AF /* LeetCodeTest.swift */,
				30C908CA29BB1982000F46AF /* LeetCode.swift */,
				30C908CC29BB1A0A000F46AF /* LC_88_合并两个有序数组.swift */,
				30C908D229BB1FCE000F46AF /* LC_21_合并两个有序链表.swift */,
				30C908D429BB2277000F46AF /* LC_23_合并K个升序链表.swift */,
				30C908EA29BB8497000F46AF /* LC_46_全排列.swift */,
				30C908EC29BB8572000F46AF /* LC_47_全排列2.swift */,
				30C908EE29BB861E000F46AF /* LC_39_组合总和.swift */,
				30C908F029BB8685000F46AF /* LC_40_组合总和 II.swift */,
				30C908F229BB8790000F46AF /* LC_78_子集.swift */,
				30C908F429BB87F2000F46AF /* LC_90_子集2.swift */,
				30C908F929BB891C000F46AF /* LC_455_分发饼干.swift */,
				30C908FB29BB896A000F46AF /* LC_452_用最少数量的箭引爆气球.swift */,
				30C908FD29BB8A37000F46AF /* LC_122_买卖股票的最佳时机 II.swift */,
				30C908FF29BB8ACC000F46AF /* LC_605_种花问题.swift */,
				30C9090129BB8B6F000F46AF /* LC_135_分发糖果.swift */,
				30C9090B29BB8CBC000F46AF /* LC_300_最长上升子序列.swift */,
				30C9090D29BB8D08000F46AF /* LC_1143_最长公共子序列.swift */,
				30C9090F29BB8DA6000F46AF /* LC_75_颜色分类.swift */,
				30C9091129BB8E2D000F46AF /* LC_16.16_部分排序.swift */,
				30C9091329BB8E95000F46AF /* LC_164_最大间距.swift */,
				30C9091529BB8F0B000F46AF /* LC_977_有序数组的平方.swift */,
				30C9091729BBFEAF000F46AF /* LC_237_删除链表中的节点.swift */,
				30C9091929BBFEFE000F46AF /* LC_141_环形链表.swift */,
				30C9091B29BBFF5F000F46AF /* LC_206_反转链表.swift */,
				30C9091D29BC0009000F46AF /* LC_155_最小栈.swift */,
				30C9091F29BC0081000F46AF /* LC_239_滑动窗口最大值.swift */,
				30C9092129BC00F9000F46AF /* LC_654_最大二叉树.swift */,
				30C9092529BC029D000F46AF /* LC_739_每日温度.swift */,
				30C9092729BC0305000F46AF /* LC_42_接雨水.swift */,
				30C9092929BC0364000F46AF /* LC_20_有效的括号.swift */,
				30C9092B29BC03EA000F46AF /* LC_232_用栈实现队列.swift */,
				30C9092D29BC05C3000F46AF /* LC_01.09_字符串轮转.swift */,
				30C9092F29BC062A000F46AF /* LC_572_另一棵树的子树.swift */,
				30C9093129BC073F000F46AF /* LC_242_有效的字母异位词.swift */,
				30C9093329BC07BB000F46AF /* LC_151_反转字符串中的单词.swift */,
				30C9093529BC0811000F46AF /* LC_3_无重复字符的最长子串.swift */,
				30C9093729BC086D000F46AF /* LC_5_最长回文子串.swift */,
				30C9093929BC08B7000F46AF /* LC_72_编辑距离.swift */,
				30C9093B29BC0987000F46AF /* LC_32_最长有效括号.swift */,
				30C9093D29BC09C6000F46AF /* LC_1048_最长字符串链.swift */,
				30C9093F29BC0A32000F46AF /* OF_47_礼物的最大价值.swift */,
				30C9094129BC0DD6000F46AF /* LC_64_最小路径和.swift */,
				30C9094329BC0E20000F46AF /* LC_62_不同路径.swift */,
				30C9094529BC0E8F000F46AF /* LC_121_买卖股票的最佳时机.swift */,
				30C9094729BC0EEE000F46AF /* OF_63_股票的最大利润.swift */,
				30C9094929BC0F84000F46AF /* LC_70_爬楼梯.swift */,
				30C9094B29BC0FC4000F46AF /* LC_198_打家劫舍.swift */,
				30C9094D29BC1017000F46AF /* LC_213_打家劫舍 II.swift */,
				30C9094F29BC107F000F46AF /* LC_674_最长连续递增序列.swift */,
				30C9095129BC10CE000F46AF /* LC_63_不同路径 II.swift */,
				30C9095329BC112F000F46AF /* LC_123_买卖股票的最佳时机 III.swift */,
				30C9095529BC118F000F46AF /* LC_188_买卖股票的最佳时机 IV.swift */,
				30C9095729BC11CD000F46AF /* LC_714_买卖股票的最佳时机含手续费.swift */,
				30C9095929BC1222000F46AF /* LC_673_最长递增子序列的个数.swift */,
				30C9095B29BC1282000F46AF /* LC_1235_规划兼职工作.swift */,
				30C9095D29BC12C8000F46AF /* LC_943_最短超级串.swift */,
				30C9095F29BC1303000F46AF /* LC_516_最长回文子序列.swift */,
				30C9096129BC137A000F46AF /* LC_376_摆动序列.swift */,
				30C9096329BC13E5000F46AF /* LC_236_二叉树的最近公共祖先.swift */,
				30C9096529BC1455000F46AF /* LC_99_ 恢复二叉搜索树.swift */,
				30C9096729BCB0C5000F46AF /* LC_94_二叉树的中序遍历.swift */,
				30C9096929BCB369000F46AF /* LC_98_验证二叉搜索树.swift */,
				30C9096B29BCB5FC000F46AF /* LC_230_二叉搜索树中第K小的元素.swift */,
				30C9096D29BCB657000F46AF /* LC_101_对称二叉树.swift */,
				30C9096F29BCB6DF000F46AF /* LC_108_将有序数组转换为二叉搜索树.swift */,
			);
			path = LeetCode;
			sourceTree = "<group>";
		};
		30C908E229BB7D6D000F46AF /* Recursion递归 */ = {
			isa = PBXGroup;
			children = (
				30C908E329BB7D98000F46AF /* RS_斐波那契数列.swift */,
				30C908E529BB7E83000F46AF /* RS_汉诺塔.swift */,
			);
			path = "Recursion递归";
			sourceTree = "<group>";
		};
		30C908E729BB7FA5000F46AF /* BackTracking回溯 */ = {
			isa = PBXGroup;
			children = (
				30C908E829BB7FBA000F46AF /* Queens.swift */,
			);
			path = "BackTracking回溯";
			sourceTree = "<group>";
		};
		30C908F629BB8887000F46AF /* Greedy贪心 */ = {
			isa = PBXGroup;
			children = (
				30C908F729BB8898000F46AF /* Knapsack.swift */,
			);
			path = "Greedy贪心";
			sourceTree = "<group>";
		};
		30C9090329BB8BAC000F46AF /* DivideAndConquer分治 */ = {
			isa = PBXGroup;
			children = (
				30C9090429BB8BBF000F46AF /* MaxSubArray.swift */,
			);
			path = "DivideAndConquer分治";
			sourceTree = "<group>";
		};
		30C9090629BB8C16000F46AF /* DynamicProgramming动态规划 */ = {
			isa = PBXGroup;
			children = (
				30C9090729BB8C2B000F46AF /* DynamicProgramming.swift */,
				30C9090929BB8C7B000F46AF /* MaxSubArray2.swift */,
			);
			path = "DynamicProgramming动态规划";
			sourceTree = "<group>";
		};
/* End PBXGroup section */

/* Begin PBXNativeTarget section */
		30C908AD29B9E191000F46AF /* Algorithm */ = {
			isa = PBXNativeTarget;
			buildConfigurationList = 30C908B529B9E191000F46AF /* Build configuration list for PBXNativeTarget "Algorithm" */;
			buildPhases = (
				30C908AA29B9E191000F46AF /* Sources */,
				30C908AB29B9E191000F46AF /* Frameworks */,
				30C908AC29B9E191000F46AF /* CopyFiles */,
			);
			buildRules = (
			);
			dependencies = (
			);
			name = Algorithm;
			productName = Algorithm;
			productReference = 30C908AE29B9E191000F46AF /* Algorithm */;
			productType = "com.apple.product-type.tool";
		};
/* End PBXNativeTarget section */

/* Begin PBXProject section */
		30C908A629B9E191000F46AF /* Project object */ = {
			isa = PBXProject;
			attributes = {
				BuildIndependentTargetsInParallel = 1;
				LastSwiftUpdateCheck = 1420;
				LastUpgradeCheck = 1420;
				TargetAttributes = {
					30C908AD29B9E191000F46AF = {
						CreatedOnToolsVersion = 14.2;
					};
				};
			};
			buildConfigurationList = 30C908A929B9E191000F46AF /* Build configuration list for PBXProject "Algorithm" */;
			compatibilityVersion = "Xcode 14.0";
			developmentRegion = en;
			hasScannedForEncodings = 0;
			knownRegions = (
				en,
				Base,
			);
			mainGroup = 30C908A529B9E191000F46AF;
			productRefGroup = 30C908AF29B9E191000F46AF /* Products */;
			projectDirPath = "";
			projectRoot = "";
			targets = (
				30C908AD29B9E191000F46AF /* Algorithm */,
			);
		};
/* End PBXProject section */

/* Begin PBXSourcesBuildPhase section */
		30C908AA29B9E191000F46AF /* Sources */ = {
			isa = PBXSourcesBuildPhase;
			buildActionMask = 2147483647;
			files = (
				30C9094A29BC0F84000F46AF /* LC_70_爬楼梯.swift in Sources */,
				30C908D329BB1FCE000F46AF /* LC_21_合并两个有序链表.swift in Sources */,
				30C9096029BC1303000F46AF /* LC_516_最长回文子序列.swift in Sources */,
				30C908D929BB30D6000F46AF /* QuickSort.swift in Sources */,
				30C908F329BB8790000F46AF /* LC_78_子集.swift in Sources */,
				30C9094C29BC0FC4000F46AF /* LC_198_打家劫舍.swift in Sources */,
				30C9091829BBFEAF000F46AF /* LC_237_删除链表中的节点.swift in Sources */,
				30C9093C29BC0987000F46AF /* LC_32_最长有效括号.swift in Sources */,
				30C908B229B9E191000F46AF /* main.swift in Sources */,
				30C9092A29BC0364000F46AF /* LC_20_有效的括号.swift in Sources */,
				30C908C029BA0836000F46AF /* SortTest.swift in Sources */,
				30C9093E29BC09C6000F46AF /* LC_1048_最长字符串链.swift in Sources */,
				30C9092629BC029D000F46AF /* LC_739_每日温度.swift in Sources */,
				30C9093429BC07BB000F46AF /* LC_151_反转字符串中的单词.swift in Sources */,
				30C9096E29BCB657000F46AF /* LC_101_对称二叉树.swift in Sources */,
				30C9090229BB8B6F000F46AF /* LC_135_分发糖果.swift in Sources */,
				30C908F529BB87F2000F46AF /* LC_90_子集2.swift in Sources */,
				30C9097029BCB6DF000F46AF /* LC_108_将有序数组转换为二叉搜索树.swift in Sources */,
				30C9095429BC112F000F46AF /* LC_123_买卖股票的最佳时机 III.swift in Sources */,
				30C9091C29BBFF5F000F46AF /* LC_206_反转链表.swift in Sources */,
				30C9093A29BC08B7000F46AF /* LC_72_编辑距离.swift in Sources */,
				30C908EF29BB861E000F46AF /* LC_39_组合总和.swift in Sources */,
				30C9091229BB8E2D000F46AF /* LC_16.16_部分排序.swift in Sources */,
				30C9090A29BB8C7B000F46AF /* MaxSubArray2.swift in Sources */,
				30C9096829BCB0C5000F46AF /* LC_94_二叉树的中序遍历.swift in Sources */,
				30C9091429BB8E95000F46AF /* LC_164_最大间距.swift in Sources */,
				30C9096629BC1455000F46AF /* LC_99_ 恢复二叉搜索树.swift in Sources */,
				30C9094629BC0E8F000F46AF /* LC_121_买卖股票的最佳时机.swift in Sources */,
				30C9092429BC01BE000F46AF /* TreeNode.swift in Sources */,
				30C9090029BB8ACC000F46AF /* LC_605_种花问题.swift in Sources */,
				30C908BA29BA0135000F46AF /* ArraySort.swift in Sources */,
				30C9091029BB8DA6000F46AF /* LC_75_颜色分类.swift in Sources */,
				30C9095229BC10CE000F46AF /* LC_63_不同路径 II.swift in Sources */,
				30C9092029BC0081000F46AF /* LC_239_滑动窗口最大值.swift in Sources */,
				30C9096C29BCB5FC000F46AF /* LC_230_二叉搜索树中第K小的元素.swift in Sources */,
				30C908E129BB7ABA000F46AF /* BucketSort.swift in Sources */,
				30C9090529BB8BBF000F46AF /* MaxSubArray.swift in Sources */,
				30C908E629BB7E83000F46AF /* RS_汉诺塔.swift in Sources */,
				30C9095029BC107F000F46AF /* LC_674_最长连续递增序列.swift in Sources */,
				30C9092829BC0305000F46AF /* LC_42_接雨水.swift in Sources */,
				30C908C429BA26DA000F46AF /* InsertionSort.swift in Sources */,
				30C9091A29BBFEFE000F46AF /* LC_141_环形链表.swift in Sources */,
				30C908E429BB7D98000F46AF /* RS_斐波那契数列.swift in Sources */,
				30C9093829BC086D000F46AF /* LC_5_最长回文子串.swift in Sources */,
				30C9095C29BC1282000F46AF /* LC_1235_规划兼职工作.swift in Sources */,
				30C9095629BC118F000F46AF /* LC_188_买卖股票的最佳时机 IV.swift in Sources */,
				30C9093029BC062A000F46AF /* LC_572_另一棵树的子树.swift in Sources */,
				30C9096429BC13E5000F46AF /* LC_236_二叉树的最近公共祖先.swift in Sources */,
				30C9095829BC11CD000F46AF /* LC_714_买卖股票的最佳时机含手续费.swift in Sources */,
				30C908D529BB2277000F46AF /* LC_23_合并K个升序链表.swift in Sources */,
				30C9091629BB8F0B000F46AF /* LC_977_有序数组的平方.swift in Sources */,
				30C9093629BC0811000F46AF /* LC_3_无重复字符的最长子串.swift in Sources */,
				30C9094E29BC1017000F46AF /* LC_213_打家劫舍 II.swift in Sources */,
				30C908C629BA2922000F46AF /* MergeSort.swift in Sources */,
				30C908DF29BB7738000F46AF /* RadixSort.swift in Sources */,
				30C908EB29BB8497000F46AF /* LC_46_全排列.swift in Sources */,
				30C9094229BC0DD6000F46AF /* LC_64_最小路径和.swift in Sources */,
				30C9090829BB8C2B000F46AF /* DynamicProgramming.swift in Sources */,
				30C908CF29BB1B03000F46AF /* LeetCodeTest.swift in Sources */,
				30C908CB29BB1982000F46AF /* LeetCode.swift in Sources */,
				30C9091E29BC0009000F46AF /* LC_155_最小栈.swift in Sources */,
				30C908DD29BB3E7D000F46AF /* CountSort.swift in Sources */,
				30C908DB29BB3E42000F46AF /* ShellSort.swift in Sources */,
				30C9090C29BB8CBC000F46AF /* LC_300_最长上升子序列.swift in Sources */,
				30C908CD29BB1A0A000F46AF /* LC_88_合并两个有序数组.swift in Sources */,
				30C9094029BC0A32000F46AF /* OF_47_礼物的最大价值.swift in Sources */,
				30C9092C29BC03EA000F46AF /* LC_232_用栈实现队列.swift in Sources */,
				30C9094429BC0E20000F46AF /* LC_62_不同路径.swift in Sources */,
				30C9096229BC137A000F46AF /* LC_376_摆动序列.swift in Sources */,
				30C908BC29BA0166000F46AF /* BublleSort.swift in Sources */,
				30C9096A29BCB369000F46AF /* LC_98_验证二叉搜索树.swift in Sources */,
				30C9095A29BC1222000F46AF /* LC_673_最长递增子序列的个数.swift in Sources */,
				30C908F829BB8898000F46AF /* Knapsack.swift in Sources */,
				30C9090E29BB8D08000F46AF /* LC_1143_最长公共子序列.swift in Sources */,
				30C908F129BB8685000F46AF /* LC_40_组合总和 II.swift in Sources */,
				30C9093229BC073F000F46AF /* LC_242_有效的字母异位词.swift in Sources */,
				30C908FA29BB891C000F46AF /* LC_455_分发饼干.swift in Sources */,
				30C9092229BC00F9000F46AF /* LC_654_最大二叉树.swift in Sources */,
				30C908C229BA243C000F46AF /* SelectionSort.swift in Sources */,
				30C9092E29BC05C3000F46AF /* LC_01.09_字符串轮转.swift in Sources */,
				30C9094829BC0EEE000F46AF /* OF_63_股票的最大利润.swift in Sources */,
				30C908C829BB0FED000F46AF /* HeapSort.swift in Sources */,
				30C908E929BB7FBA000F46AF /* Queens.swift in Sources */,
				30C908FC29BB896A000F46AF /* LC_452_用最少数量的箭引爆气球.swift in Sources */,
				30C908ED29BB8572000F46AF /* LC_47_全排列2.swift in Sources */,
				30C908FE29BB8A37000F46AF /* LC_122_买卖股票的最佳时机 II.swift in Sources */,
				30C9095E29BC12C8000F46AF /* LC_943_最短超级串.swift in Sources */,
				30C908D129BB1F48000F46AF /* ListNode.swift in Sources */,
			);
			runOnlyForDeploymentPostprocessing = 0;
		};
/* End PBXSourcesBuildPhase section */

/* Begin XCBuildConfiguration section */
		30C908B329B9E191000F46AF /* Debug */ = {
			isa = XCBuildConfiguration;
			buildSettings = {
				ALWAYS_SEARCH_USER_PATHS = NO;
				CLANG_ANALYZER_NONNULL = YES;
				CLANG_ANALYZER_NUMBER_OBJECT_CONVERSION = YES_AGGRESSIVE;
				CLANG_CXX_LANGUAGE_STANDARD = "gnu++20";
				CLANG_ENABLE_MODULES = YES;
				CLANG_ENABLE_OBJC_ARC = YES;
				CLANG_ENABLE_OBJC_WEAK = YES;
				CLANG_WARN_BLOCK_CAPTURE_AUTORELEASING = YES;
				CLANG_WARN_BOOL_CONVERSION = YES;
				CLANG_WARN_COMMA = YES;
				CLANG_WARN_CONSTANT_CONVERSION = YES;
				CLANG_WARN_DEPRECATED_OBJC_IMPLEMENTATIONS = YES;
				CLANG_WARN_DIRECT_OBJC_ISA_USAGE = YES_ERROR;
				CLANG_WARN_DOCUMENTATION_COMMENTS = YES;
				CLANG_WARN_EMPTY_BODY = YES;
				CLANG_WARN_ENUM_CONVERSION = YES;
				CLANG_WARN_INFINITE_RECURSION = YES;
				CLANG_WARN_INT_CONVERSION = YES;
				CLANG_WARN_NON_LITERAL_NULL_CONVERSION = YES;
				CLANG_WARN_OBJC_IMPLICIT_RETAIN_SELF = YES;
				CLANG_WARN_OBJC_LITERAL_CONVERSION = YES;
				CLANG_WARN_OBJC_ROOT_CLASS = YES_ERROR;
				CLANG_WARN_QUOTED_INCLUDE_IN_FRAMEWORK_HEADER = YES;
				CLANG_WARN_RANGE_LOOP_ANALYSIS = YES;
				CLANG_WARN_STRICT_PROTOTYPES = YES;
				CLANG_WARN_SUSPICIOUS_MOVE = YES;
				CLANG_WARN_UNGUARDED_AVAILABILITY = YES_AGGRESSIVE;
				CLANG_WARN_UNREACHABLE_CODE = YES;
				CLANG_WARN__DUPLICATE_METHOD_MATCH = YES;
				COPY_PHASE_STRIP = NO;
				DEBUG_INFORMATION_FORMAT = dwarf;
				ENABLE_STRICT_OBJC_MSGSEND = YES;
				ENABLE_TESTABILITY = YES;
				GCC_C_LANGUAGE_STANDARD = gnu11;
				GCC_DYNAMIC_NO_PIC = NO;
				GCC_NO_COMMON_BLOCKS = YES;
				GCC_OPTIMIZATION_LEVEL = 0;
				GCC_PREPROCESSOR_DEFINITIONS = (
					"DEBUG=1",
					"$(inherited)",
				);
				GCC_WARN_64_TO_32_BIT_CONVERSION = YES;
				GCC_WARN_ABOUT_RETURN_TYPE = YES_ERROR;
				GCC_WARN_UNDECLARED_SELECTOR = YES;
				GCC_WARN_UNINITIALIZED_AUTOS = YES_AGGRESSIVE;
				GCC_WARN_UNUSED_FUNCTION = YES;
				GCC_WARN_UNUSED_VARIABLE = YES;
				MACOSX_DEPLOYMENT_TARGET = 13.1;
				MTL_ENABLE_DEBUG_INFO = INCLUDE_SOURCE;
				MTL_FAST_MATH = YES;
				ONLY_ACTIVE_ARCH = YES;
				SDKROOT = macosx;
				SWIFT_ACTIVE_COMPILATION_CONDITIONS = DEBUG;
				SWIFT_OPTIMIZATION_LEVEL = "-Onone";
			};
			name = Debug;
		};
		30C908B429B9E191000F46AF /* Release */ = {
			isa = XCBuildConfiguration;
			buildSettings = {
				ALWAYS_SEARCH_USER_PATHS = NO;
				CLANG_ANALYZER_NONNULL = YES;
				CLANG_ANALYZER_NUMBER_OBJECT_CONVERSION = YES_AGGRESSIVE;
				CLANG_CXX_LANGUAGE_STANDARD = "gnu++20";
				CLANG_ENABLE_MODULES = YES;
				CLANG_ENABLE_OBJC_ARC = YES;
				CLANG_ENABLE_OBJC_WEAK = YES;
				CLANG_WARN_BLOCK_CAPTURE_AUTORELEASING = YES;
				CLANG_WARN_BOOL_CONVERSION = YES;
				CLANG_WARN_COMMA = YES;
				CLANG_WARN_CONSTANT_CONVERSION = YES;
				CLANG_WARN_DEPRECATED_OBJC_IMPLEMENTATIONS = YES;
				CLANG_WARN_DIRECT_OBJC_ISA_USAGE = YES_ERROR;
				CLANG_WARN_DOCUMENTATION_COMMENTS = YES;
				CLANG_WARN_EMPTY_BODY = YES;
				CLANG_WARN_ENUM_CONVERSION = YES;
				CLANG_WARN_INFINITE_RECURSION = YES;
				CLANG_WARN_INT_CONVERSION = YES;
				CLANG_WARN_NON_LITERAL_NULL_CONVERSION = YES;
				CLANG_WARN_OBJC_IMPLICIT_RETAIN_SELF = YES;
				CLANG_WARN_OBJC_LITERAL_CONVERSION = YES;
				CLANG_WARN_OBJC_ROOT_CLASS = YES_ERROR;
				CLANG_WARN_QUOTED_INCLUDE_IN_FRAMEWORK_HEADER = YES;
				CLANG_WARN_RANGE_LOOP_ANALYSIS = YES;
				CLANG_WARN_STRICT_PROTOTYPES = YES;
				CLANG_WARN_SUSPICIOUS_MOVE = YES;
				CLANG_WARN_UNGUARDED_AVAILABILITY = YES_AGGRESSIVE;
				CLANG_WARN_UNREACHABLE_CODE = YES;
				CLANG_WARN__DUPLICATE_METHOD_MATCH = YES;
				COPY_PHASE_STRIP = NO;
				DEBUG_INFORMATION_FORMAT = "dwarf-with-dsym";
				ENABLE_NS_ASSERTIONS = NO;
				ENABLE_STRICT_OBJC_MSGSEND = YES;
				GCC_C_LANGUAGE_STANDARD = gnu11;
				GCC_NO_COMMON_BLOCKS = YES;
				GCC_WARN_64_TO_32_BIT_CONVERSION = YES;
				GCC_WARN_ABOUT_RETURN_TYPE = YES_ERROR;
				GCC_WARN_UNDECLARED_SELECTOR = YES;
				GCC_WARN_UNINITIALIZED_AUTOS = YES_AGGRESSIVE;
				GCC_WARN_UNUSED_FUNCTION = YES;
				GCC_WARN_UNUSED_VARIABLE = YES;
				MACOSX_DEPLOYMENT_TARGET = 13.1;
				MTL_ENABLE_DEBUG_INFO = NO;
				MTL_FAST_MATH = YES;
				SDKROOT = macosx;
				SWIFT_COMPILATION_MODE = wholemodule;
				SWIFT_OPTIMIZATION_LEVEL = "-O";
			};
			name = Release;
		};
		30C908B629B9E191000F46AF /* Debug */ = {
			isa = XCBuildConfiguration;
			buildSettings = {
				CODE_SIGN_STYLE = Automatic;
				DEVELOPMENT_TEAM = H6FNQWD7A9;
				ENABLE_HARDENED_RUNTIME = YES;
				PRODUCT_NAME = "$(TARGET_NAME)";
				SWIFT_VERSION = 5.0;
			};
			name = Debug;
		};
		30C908B729B9E191000F46AF /* Release */ = {
			isa = XCBuildConfiguration;
			buildSettings = {
				CODE_SIGN_STYLE = Automatic;
				DEVELOPMENT_TEAM = H6FNQWD7A9;
				ENABLE_HARDENED_RUNTIME = YES;
				PRODUCT_NAME = "$(TARGET_NAME)";
				SWIFT_VERSION = 5.0;
			};
			name = Release;
		};
/* End XCBuildConfiguration section */

/* Begin XCConfigurationList section */
		30C908A929B9E191000F46AF /* Build configuration list for PBXProject "Algorithm" */ = {
			isa = XCConfigurationList;
			buildConfigurations = (
				30C908B329B9E191000F46AF /* Debug */,
				30C908B429B9E191000F46AF /* Release */,
			);
			defaultConfigurationIsVisible = 0;
			defaultConfigurationName = Release;
		};
		30C908B529B9E191000F46AF /* Build configuration list for PBXNativeTarget "Algorithm" */ = {
			isa = XCConfigurationList;
			buildConfigurations = (
				30C908B629B9E191000F46AF /* Debug */,
				30C908B729B9E191000F46AF /* Release */,
			);
			defaultConfigurationIsVisible = 0;
			defaultConfigurationName = Release;
		};
/* End XCConfigurationList section */
	};
	rootObject = 30C908A629B9E191000F46AF /* Project object */;
}
